// !$*UTF8*$!
{
	archiveVersion = 1;
	classes = {
	};
	objectVersion = 46;
	objects = {

/* Begin PBXBuildFile section */
		900EE7091CB008DF004AF16A /* SwiftyLogger.h in Headers */ = {isa = PBXBuildFile; fileRef = 90C4A95E1C1C98C100096C1E /* SwiftyLogger.h */; settings = {ATTRIBUTES = (Public, ); }; };
		900EE70A1CB008F7004AF16A /* LoggerFactoryType.swift in Sources */ = {isa = PBXBuildFile; fileRef = 90C4A9961C1C994500096C1E /* LoggerFactoryType.swift */; };
		900EE70B1CB008F7004AF16A /* LoggerTarget.swift in Sources */ = {isa = PBXBuildFile; fileRef = 90C4A9971C1C994500096C1E /* LoggerTarget.swift */; };
		900EE70C1CB008F7004AF16A /* LoggerType.swift in Sources */ = {isa = PBXBuildFile; fileRef = 90C4A9981C1C994500096C1E /* LoggerType.swift */; };
		900EE70D1CB008F7004AF16A /* LoggerTypeExtensions.swift in Sources */ = {isa = PBXBuildFile; fileRef = 90C4A9991C1C994500096C1E /* LoggerTypeExtensions.swift */; };
		900EE70E1CB008F7004AF16A /* LogLevel.swift in Sources */ = {isa = PBXBuildFile; fileRef = 90C4A99A1C1C994500096C1E /* LogLevel.swift */; };
		900EE70F1CB008F7004AF16A /* LogMessage.swift in Sources */ = {isa = PBXBuildFile; fileRef = 90C4A99B1C1C994500096C1E /* LogMessage.swift */; };
		900EE7101CB008F7004AF16A /* LogMessageFormatterType.swift in Sources */ = {isa = PBXBuildFile; fileRef = 90C4A99C1C1C994500096C1E /* LogMessageFormatterType.swift */; };
		900EE7111CB008F7004AF16A /* Console.swift in Sources */ = {isa = PBXBuildFile; fileRef = 90C4A99E1C1C994500096C1E /* Console.swift */; };
		900EE7121CB008F7004AF16A /* FileLogger.swift in Sources */ = {isa = PBXBuildFile; fileRef = 90C4A99F1C1C994500096C1E /* FileLogger.swift */; };
		900EE7131CB008F7004AF16A /* DefaultLogMessageFormatter.swift in Sources */ = {isa = PBXBuildFile; fileRef = 90C4A9A11C1C994500096C1E /* DefaultLogMessageFormatter.swift */; };
		900EE7141CB008F7004AF16A /* Logger.swift in Sources */ = {isa = PBXBuildFile; fileRef = 90C4A9A21C1C994500096C1E /* Logger.swift */; };
		900EE7151CB008F7004AF16A /* LoggerFactory.swift in Sources */ = {isa = PBXBuildFile; fileRef = 90C4A9A31C1C994500096C1E /* LoggerFactory.swift */; };
		900EE7161CB00901004AF16A /* SwiftyLogger.h in Headers */ = {isa = PBXBuildFile; fileRef = 90C4A95E1C1C98C100096C1E /* SwiftyLogger.h */; };
		900EE7171CB0090B004AF16A /* LoggerFactoryType.swift in Sources */ = {isa = PBXBuildFile; fileRef = 90C4A9961C1C994500096C1E /* LoggerFactoryType.swift */; };
		900EE7181CB0090B004AF16A /* LoggerTarget.swift in Sources */ = {isa = PBXBuildFile; fileRef = 90C4A9971C1C994500096C1E /* LoggerTarget.swift */; };
		900EE7191CB0090B004AF16A /* LoggerType.swift in Sources */ = {isa = PBXBuildFile; fileRef = 90C4A9981C1C994500096C1E /* LoggerType.swift */; };
		900EE71A1CB0090B004AF16A /* LoggerTypeExtensions.swift in Sources */ = {isa = PBXBuildFile; fileRef = 90C4A9991C1C994500096C1E /* LoggerTypeExtensions.swift */; };
		900EE71B1CB0090B004AF16A /* LogLevel.swift in Sources */ = {isa = PBXBuildFile; fileRef = 90C4A99A1C1C994500096C1E /* LogLevel.swift */; };
		900EE71C1CB0090B004AF16A /* LogMessage.swift in Sources */ = {isa = PBXBuildFile; fileRef = 90C4A99B1C1C994500096C1E /* LogMessage.swift */; };
		900EE71D1CB0090B004AF16A /* LogMessageFormatterType.swift in Sources */ = {isa = PBXBuildFile; fileRef = 90C4A99C1C1C994500096C1E /* LogMessageFormatterType.swift */; };
		900EE71E1CB0090B004AF16A /* Console.swift in Sources */ = {isa = PBXBuildFile; fileRef = 90C4A99E1C1C994500096C1E /* Console.swift */; };
		900EE71F1CB0090B004AF16A /* FileLogger.swift in Sources */ = {isa = PBXBuildFile; fileRef = 90C4A99F1C1C994500096C1E /* FileLogger.swift */; };
		900EE7201CB0090B004AF16A /* DefaultLogMessageFormatter.swift in Sources */ = {isa = PBXBuildFile; fileRef = 90C4A9A11C1C994500096C1E /* DefaultLogMessageFormatter.swift */; };
		900EE7211CB0090B004AF16A /* Logger.swift in Sources */ = {isa = PBXBuildFile; fileRef = 90C4A9A21C1C994500096C1E /* Logger.swift */; };
		900EE7221CB0090B004AF16A /* LoggerFactory.swift in Sources */ = {isa = PBXBuildFile; fileRef = 90C4A9A31C1C994500096C1E /* LoggerFactory.swift */; };
		900EE7231CB00916004AF16A /* SwiftyLogger.h in Headers */ = {isa = PBXBuildFile; fileRef = 90C4A95E1C1C98C100096C1E /* SwiftyLogger.h */; settings = {ATTRIBUTES = (Public, ); }; };
		900EE7241CB00928004AF16A /* LoggerFactoryType.swift in Sources */ = {isa = PBXBuildFile; fileRef = 90C4A9961C1C994500096C1E /* LoggerFactoryType.swift */; };
		900EE7251CB00928004AF16A /* LoggerTarget.swift in Sources */ = {isa = PBXBuildFile; fileRef = 90C4A9971C1C994500096C1E /* LoggerTarget.swift */; };
		900EE7261CB00928004AF16A /* LoggerType.swift in Sources */ = {isa = PBXBuildFile; fileRef = 90C4A9981C1C994500096C1E /* LoggerType.swift */; };
		900EE7271CB00928004AF16A /* LoggerTypeExtensions.swift in Sources */ = {isa = PBXBuildFile; fileRef = 90C4A9991C1C994500096C1E /* LoggerTypeExtensions.swift */; };
		900EE7281CB00928004AF16A /* LogLevel.swift in Sources */ = {isa = PBXBuildFile; fileRef = 90C4A99A1C1C994500096C1E /* LogLevel.swift */; };
		900EE7291CB00928004AF16A /* LogMessage.swift in Sources */ = {isa = PBXBuildFile; fileRef = 90C4A99B1C1C994500096C1E /* LogMessage.swift */; };
		900EE72A1CB00928004AF16A /* LogMessageFormatterType.swift in Sources */ = {isa = PBXBuildFile; fileRef = 90C4A99C1C1C994500096C1E /* LogMessageFormatterType.swift */; };
		900EE72B1CB00928004AF16A /* Console.swift in Sources */ = {isa = PBXBuildFile; fileRef = 90C4A99E1C1C994500096C1E /* Console.swift */; };
		900EE72C1CB00928004AF16A /* FileLogger.swift in Sources */ = {isa = PBXBuildFile; fileRef = 90C4A99F1C1C994500096C1E /* FileLogger.swift */; };
		900EE72D1CB00928004AF16A /* DefaultLogMessageFormatter.swift in Sources */ = {isa = PBXBuildFile; fileRef = 90C4A9A11C1C994500096C1E /* DefaultLogMessageFormatter.swift */; };
		900EE72E1CB00928004AF16A /* Logger.swift in Sources */ = {isa = PBXBuildFile; fileRef = 90C4A9A21C1C994500096C1E /* Logger.swift */; };
		900EE72F1CB00928004AF16A /* LoggerFactory.swift in Sources */ = {isa = PBXBuildFile; fileRef = 90C4A9A31C1C994500096C1E /* LoggerFactory.swift */; };
		900EE7331CB0096F004AF16A /* Info-macOS.plist in Resources */ = {isa = PBXBuildFile; fileRef = 900EE7301CB0096F004AF16A /* Info-macOS.plist */; };
		900EE7341CB0096F004AF16A /* Info-tvOS.plist in Resources */ = {isa = PBXBuildFile; fileRef = 900EE7311CB0096F004AF16A /* Info-tvOS.plist */; };
		900EE7351CB0096F004AF16A /* Info-watchOS.plist in Resources */ = {isa = PBXBuildFile; fileRef = 900EE7321CB0096F004AF16A /* Info-watchOS.plist */; };
		90C4A95F1C1C98C100096C1E /* SwiftyLogger.h in Headers */ = {isa = PBXBuildFile; fileRef = 90C4A95E1C1C98C100096C1E /* SwiftyLogger.h */; settings = {ATTRIBUTES = (Public, ); }; };
		90C4A9661C1C98C100096C1E /* SwiftyLogger_iOS.framework in Frameworks */ = {isa = PBXBuildFile; fileRef = 90C4A95B1C1C98C100096C1E /* SwiftyLogger_iOS.framework */; };
		90C4A96B1C1C98C100096C1E /* SwiftyLoggerTests.swift in Sources */ = {isa = PBXBuildFile; fileRef = 90C4A96A1C1C98C100096C1E /* SwiftyLoggerTests.swift */; };
		90C4A9A41C1C994500096C1E /* LoggerFactoryType.swift in Sources */ = {isa = PBXBuildFile; fileRef = 90C4A9961C1C994500096C1E /* LoggerFactoryType.swift */; };
		90C4A9A51C1C994500096C1E /* LoggerTarget.swift in Sources */ = {isa = PBXBuildFile; fileRef = 90C4A9971C1C994500096C1E /* LoggerTarget.swift */; };
		90C4A9A61C1C994500096C1E /* LoggerType.swift in Sources */ = {isa = PBXBuildFile; fileRef = 90C4A9981C1C994500096C1E /* LoggerType.swift */; };
		90C4A9A71C1C994500096C1E /* LoggerTypeExtensions.swift in Sources */ = {isa = PBXBuildFile; fileRef = 90C4A9991C1C994500096C1E /* LoggerTypeExtensions.swift */; };
		90C4A9A81C1C994500096C1E /* LogLevel.swift in Sources */ = {isa = PBXBuildFile; fileRef = 90C4A99A1C1C994500096C1E /* LogLevel.swift */; };
		90C4A9A91C1C994500096C1E /* LogMessage.swift in Sources */ = {isa = PBXBuildFile; fileRef = 90C4A99B1C1C994500096C1E /* LogMessage.swift */; };
		90C4A9AA1C1C994500096C1E /* LogMessageFormatterType.swift in Sources */ = {isa = PBXBuildFile; fileRef = 90C4A99C1C1C994500096C1E /* LogMessageFormatterType.swift */; };
		90C4A9AB1C1C994500096C1E /* Console.swift in Sources */ = {isa = PBXBuildFile; fileRef = 90C4A99E1C1C994500096C1E /* Console.swift */; };
		90C4A9AC1C1C994500096C1E /* FileLogger.swift in Sources */ = {isa = PBXBuildFile; fileRef = 90C4A99F1C1C994500096C1E /* FileLogger.swift */; };
		90C4A9AD1C1C994500096C1E /* DefaultLogMessageFormatter.swift in Sources */ = {isa = PBXBuildFile; fileRef = 90C4A9A11C1C994500096C1E /* DefaultLogMessageFormatter.swift */; };
		90C4A9AE1C1C994500096C1E /* Logger.swift in Sources */ = {isa = PBXBuildFile; fileRef = 90C4A9A21C1C994500096C1E /* Logger.swift */; };
		90C4A9AF1C1C994500096C1E /* LoggerFactory.swift in Sources */ = {isa = PBXBuildFile; fileRef = 90C4A9A31C1C994500096C1E /* LoggerFactory.swift */; };
/* End PBXBuildFile section */

/* Begin PBXContainerItemProxy section */
		90C4A9671C1C98C100096C1E /* PBXContainerItemProxy */ = {
			isa = PBXContainerItemProxy;
			containerPortal = 90C4A9521C1C98C100096C1E /* Project object */;
			proxyType = 1;
			remoteGlobalIDString = 90C4A95A1C1C98C100096C1E;
			remoteInfo = SwiftyLogger;
		};
/* End PBXContainerItemProxy section */

/* Begin PBXFileReference section */
		900EE6E71CB00888004AF16A /* SwiftyLogger_watchOS.framework */ = {isa = PBXFileReference; explicitFileType = wrapper.framework; includeInIndex = 0; path = SwiftyLogger_watchOS.framework; sourceTree = BUILT_PRODUCTS_DIR; };
		900EE6F41CB008AA004AF16A /* SwiftyLogger_tvOS.framework */ = {isa = PBXFileReference; explicitFileType = wrapper.framework; includeInIndex = 0; path = SwiftyLogger_tvOS.framework; sourceTree = BUILT_PRODUCTS_DIR; };
		900EE7011CB008CE004AF16A /* SwiftyLogger_macOS.framework */ = {isa = PBXFileReference; explicitFileType = wrapper.framework; includeInIndex = 0; path = SwiftyLogger_macOS.framework; sourceTree = BUILT_PRODUCTS_DIR; };
		900EE7301CB0096F004AF16A /* Info-macOS.plist */ = {isa = PBXFileReference; fileEncoding = 4; lastKnownFileType = text.plist.xml; path = "Info-macOS.plist"; sourceTree = "<group>"; };
		900EE7311CB0096F004AF16A /* Info-tvOS.plist */ = {isa = PBXFileReference; fileEncoding = 4; lastKnownFileType = text.plist.xml; path = "Info-tvOS.plist"; sourceTree = "<group>"; };
		900EE7321CB0096F004AF16A /* Info-watchOS.plist */ = {isa = PBXFileReference; fileEncoding = 4; lastKnownFileType = text.plist.xml; path = "Info-watchOS.plist"; sourceTree = "<group>"; };
		90C4A95B1C1C98C100096C1E /* SwiftyLogger_iOS.framework */ = {isa = PBXFileReference; explicitFileType = wrapper.framework; includeInIndex = 0; path = SwiftyLogger_iOS.framework; sourceTree = BUILT_PRODUCTS_DIR; };
		90C4A95E1C1C98C100096C1E /* SwiftyLogger.h */ = {isa = PBXFileReference; lastKnownFileType = sourcecode.c.h; path = SwiftyLogger.h; sourceTree = "<group>"; };
		90C4A9601C1C98C100096C1E /* Info-iOS.plist */ = {isa = PBXFileReference; lastKnownFileType = text.plist.xml; path = "Info-iOS.plist"; sourceTree = "<group>"; };
		90C4A9651C1C98C100096C1E /* SwiftyLoggerTests.xctest */ = {isa = PBXFileReference; explicitFileType = wrapper.cfbundle; includeInIndex = 0; path = SwiftyLoggerTests.xctest; sourceTree = BUILT_PRODUCTS_DIR; };
		90C4A96A1C1C98C100096C1E /* SwiftyLoggerTests.swift */ = {isa = PBXFileReference; lastKnownFileType = sourcecode.swift; path = SwiftyLoggerTests.swift; sourceTree = "<group>"; };
		90C4A96C1C1C98C100096C1E /* Info.plist */ = {isa = PBXFileReference; lastKnownFileType = text.plist.xml; path = Info.plist; sourceTree = "<group>"; };
		90C4A9961C1C994500096C1E /* LoggerFactoryType.swift */ = {isa = PBXFileReference; fileEncoding = 4; lastKnownFileType = sourcecode.swift; path = LoggerFactoryType.swift; sourceTree = "<group>"; };
		90C4A9971C1C994500096C1E /* LoggerTarget.swift */ = {isa = PBXFileReference; fileEncoding = 4; lastKnownFileType = sourcecode.swift; path = LoggerTarget.swift; sourceTree = "<group>"; };
		90C4A9981C1C994500096C1E /* LoggerType.swift */ = {isa = PBXFileReference; fileEncoding = 4; lastKnownFileType = sourcecode.swift; path = LoggerType.swift; sourceTree = "<group>"; };
		90C4A9991C1C994500096C1E /* LoggerTypeExtensions.swift */ = {isa = PBXFileReference; fileEncoding = 4; lastKnownFileType = sourcecode.swift; path = LoggerTypeExtensions.swift; sourceTree = "<group>"; };
		90C4A99A1C1C994500096C1E /* LogLevel.swift */ = {isa = PBXFileReference; fileEncoding = 4; lastKnownFileType = sourcecode.swift; path = LogLevel.swift; sourceTree = "<group>"; };
		90C4A99B1C1C994500096C1E /* LogMessage.swift */ = {isa = PBXFileReference; fileEncoding = 4; lastKnownFileType = sourcecode.swift; path = LogMessage.swift; sourceTree = "<group>"; };
		90C4A99C1C1C994500096C1E /* LogMessageFormatterType.swift */ = {isa = PBXFileReference; fileEncoding = 4; lastKnownFileType = sourcecode.swift; path = LogMessageFormatterType.swift; sourceTree = "<group>"; };
		90C4A99E1C1C994500096C1E /* Console.swift */ = {isa = PBXFileReference; fileEncoding = 4; lastKnownFileType = sourcecode.swift; path = Console.swift; sourceTree = "<group>"; };
		90C4A99F1C1C994500096C1E /* FileLogger.swift */ = {isa = PBXFileReference; fileEncoding = 4; lastKnownFileType = sourcecode.swift; path = FileLogger.swift; sourceTree = "<group>"; };
		90C4A9A11C1C994500096C1E /* DefaultLogMessageFormatter.swift */ = {isa = PBXFileReference; fileEncoding = 4; lastKnownFileType = sourcecode.swift; path = DefaultLogMessageFormatter.swift; sourceTree = "<group>"; };
		90C4A9A21C1C994500096C1E /* Logger.swift */ = {isa = PBXFileReference; fileEncoding = 4; lastKnownFileType = sourcecode.swift; path = Logger.swift; sourceTree = "<group>"; };
		90C4A9A31C1C994500096C1E /* LoggerFactory.swift */ = {isa = PBXFileReference; fileEncoding = 4; lastKnownFileType = sourcecode.swift; path = LoggerFactory.swift; sourceTree = "<group>"; };
/* End PBXFileReference section */

/* Begin PBXFrameworksBuildPhase section */
		900EE6E31CB00888004AF16A /* Frameworks */ = {
			isa = PBXFrameworksBuildPhase;
			buildActionMask = 2147483647;
			files = (
			);
			runOnlyForDeploymentPostprocessing = 0;
		};
		900EE6F01CB008AA004AF16A /* Frameworks */ = {
			isa = PBXFrameworksBuildPhase;
			buildActionMask = 2147483647;
			files = (
			);
			runOnlyForDeploymentPostprocessing = 0;
		};
		900EE6FD1CB008CE004AF16A /* Frameworks */ = {
			isa = PBXFrameworksBuildPhase;
			buildActionMask = 2147483647;
			files = (
			);
			runOnlyForDeploymentPostprocessing = 0;
		};
		90C4A9571C1C98C100096C1E /* Frameworks */ = {
			isa = PBXFrameworksBuildPhase;
			buildActionMask = 2147483647;
			files = (
			);
			runOnlyForDeploymentPostprocessing = 0;
		};
		90C4A9621C1C98C100096C1E /* Frameworks */ = {
			isa = PBXFrameworksBuildPhase;
			buildActionMask = 2147483647;
			files = (
				90C4A9661C1C98C100096C1E /* SwiftyLogger_iOS.framework in Frameworks */,
			);
			runOnlyForDeploymentPostprocessing = 0;
		};
/* End PBXFrameworksBuildPhase section */

/* Begin PBXGroup section */
		90C4A9511C1C98C100096C1E = {
			isa = PBXGroup;
			children = (
				90C4A95D1C1C98C100096C1E /* SwiftyLogger */,
				90C4A9691C1C98C100096C1E /* SwiftyLoggerTests */,
				90C4A95C1C1C98C100096C1E /* Products */,
			);
			sourceTree = "<group>";
		};
		90C4A95C1C1C98C100096C1E /* Products */ = {
			isa = PBXGroup;
			children = (
				90C4A95B1C1C98C100096C1E /* SwiftyLogger_iOS.framework */,
				90C4A9651C1C98C100096C1E /* SwiftyLoggerTests.xctest */,
				900EE6E71CB00888004AF16A /* SwiftyLogger_watchOS.framework */,
				900EE6F41CB008AA004AF16A /* SwiftyLogger_tvOS.framework */,
				900EE7011CB008CE004AF16A /* SwiftyLogger_macOS.framework */,
			);
			name = Products;
			sourceTree = "<group>";
		};
		90C4A95D1C1C98C100096C1E /* SwiftyLogger */ = {
			isa = PBXGroup;
			children = (
				900EE7301CB0096F004AF16A /* Info-macOS.plist */,
				900EE7311CB0096F004AF16A /* Info-tvOS.plist */,
				900EE7321CB0096F004AF16A /* Info-watchOS.plist */,
				90C4A9601C1C98C100096C1E /* Info-iOS.plist */,
				90C4A9951C1C994500096C1E /* Abstraction */,
				90C4A99D1C1C994500096C1E /* DefaultLoggers */,
				90C4A9A01C1C994500096C1E /* Helpers */,
				90C4A95E1C1C98C100096C1E /* SwiftyLogger.h */,
				90C4A9A21C1C994500096C1E /* Logger.swift */,
				90C4A9A31C1C994500096C1E /* LoggerFactory.swift */,
			);
			path = SwiftyLogger;
			sourceTree = "<group>";
		};
		90C4A9691C1C98C100096C1E /* SwiftyLoggerTests */ = {
			isa = PBXGroup;
			children = (
				90C4A96A1C1C98C100096C1E /* SwiftyLoggerTests.swift */,
				90C4A96C1C1C98C100096C1E /* Info.plist */,
			);
			path = SwiftyLoggerTests;
			sourceTree = "<group>";
		};
		90C4A9951C1C994500096C1E /* Abstraction */ = {
			isa = PBXGroup;
			children = (
				90C4A9961C1C994500096C1E /* LoggerFactoryType.swift */,
				90C4A9971C1C994500096C1E /* LoggerTarget.swift */,
				90C4A9981C1C994500096C1E /* LoggerType.swift */,
				90C4A9991C1C994500096C1E /* LoggerTypeExtensions.swift */,
				90C4A99A1C1C994500096C1E /* LogLevel.swift */,
				90C4A99B1C1C994500096C1E /* LogMessage.swift */,
				90C4A99C1C1C994500096C1E /* LogMessageFormatterType.swift */,
			);
			path = Abstraction;
			sourceTree = "<group>";
		};
		90C4A99D1C1C994500096C1E /* DefaultLoggers */ = {
			isa = PBXGroup;
			children = (
				90C4A99E1C1C994500096C1E /* Console.swift */,
				90C4A99F1C1C994500096C1E /* FileLogger.swift */,
			);
			path = DefaultLoggers;
			sourceTree = "<group>";
		};
		90C4A9A01C1C994500096C1E /* Helpers */ = {
			isa = PBXGroup;
			children = (
				90C4A9A11C1C994500096C1E /* DefaultLogMessageFormatter.swift */,
			);
			path = Helpers;
			sourceTree = "<group>";
		};
/* End PBXGroup section */

/* Begin PBXHeadersBuildPhase section */
		900EE6E41CB00888004AF16A /* Headers */ = {
			isa = PBXHeadersBuildPhase;
			buildActionMask = 2147483647;
			files = (
				900EE7231CB00916004AF16A /* SwiftyLogger.h in Headers */,
			);
			runOnlyForDeploymentPostprocessing = 0;
		};
		900EE6F11CB008AA004AF16A /* Headers */ = {
			isa = PBXHeadersBuildPhase;
			buildActionMask = 2147483647;
			files = (
				900EE7161CB00901004AF16A /* SwiftyLogger.h in Headers */,
			);
			runOnlyForDeploymentPostprocessing = 0;
		};
		900EE6FE1CB008CE004AF16A /* Headers */ = {
			isa = PBXHeadersBuildPhase;
			buildActionMask = 2147483647;
			files = (
				900EE7091CB008DF004AF16A /* SwiftyLogger.h in Headers */,
			);
			runOnlyForDeploymentPostprocessing = 0;
		};
		90C4A9581C1C98C100096C1E /* Headers */ = {
			isa = PBXHeadersBuildPhase;
			buildActionMask = 2147483647;
			files = (
				90C4A95F1C1C98C100096C1E /* SwiftyLogger.h in Headers */,
			);
			runOnlyForDeploymentPostprocessing = 0;
		};
/* End PBXHeadersBuildPhase section */

/* Begin PBXNativeTarget section */
		900EE6E61CB00888004AF16A /* SwiftyLogger_watchOS */ = {
			isa = PBXNativeTarget;
			buildConfigurationList = 900EE6EC1CB00888004AF16A /* Build configuration list for PBXNativeTarget "SwiftyLogger_watchOS" */;
			buildPhases = (
				900EE6E21CB00888004AF16A /* Sources */,
				900EE6E31CB00888004AF16A /* Frameworks */,
				900EE6E41CB00888004AF16A /* Headers */,
				900EE6E51CB00888004AF16A /* Resources */,
			);
			buildRules = (
			);
			dependencies = (
			);
			name = SwiftyLogger_watchOS;
			productName = SwiftyLogger_watchOS;
			productReference = 900EE6E71CB00888004AF16A /* SwiftyLogger_watchOS.framework */;
			productType = "com.apple.product-type.framework";
		};
		900EE6F31CB008AA004AF16A /* SwiftyLogger_tvOS */ = {
			isa = PBXNativeTarget;
			buildConfigurationList = 900EE6F91CB008AA004AF16A /* Build configuration list for PBXNativeTarget "SwiftyLogger_tvOS" */;
			buildPhases = (
				900EE6EF1CB008AA004AF16A /* Sources */,
				900EE6F01CB008AA004AF16A /* Frameworks */,
				900EE6F11CB008AA004AF16A /* Headers */,
				900EE6F21CB008AA004AF16A /* Resources */,
			);
			buildRules = (
			);
			dependencies = (
			);
			name = SwiftyLogger_tvOS;
			productName = SwiftyLogger_tvOS;
			productReference = 900EE6F41CB008AA004AF16A /* SwiftyLogger_tvOS.framework */;
			productType = "com.apple.product-type.framework";
		};
		900EE7001CB008CE004AF16A /* SwiftyLogger_macOS */ = {
			isa = PBXNativeTarget;
			buildConfigurationList = 900EE7061CB008CE004AF16A /* Build configuration list for PBXNativeTarget "SwiftyLogger_macOS" */;
			buildPhases = (
				900EE6FC1CB008CE004AF16A /* Sources */,
				900EE6FD1CB008CE004AF16A /* Frameworks */,
				900EE6FE1CB008CE004AF16A /* Headers */,
				900EE6FF1CB008CE004AF16A /* Resources */,
			);
			buildRules = (
			);
			dependencies = (
			);
			name = SwiftyLogger_macOS;
			productName = SwiftyLogger_macOS;
			productReference = 900EE7011CB008CE004AF16A /* SwiftyLogger_macOS.framework */;
			productType = "com.apple.product-type.framework";
		};
		90C4A95A1C1C98C100096C1E /* SwiftyLogger_iOS */ = {
			isa = PBXNativeTarget;
			buildConfigurationList = 90C4A96F1C1C98C100096C1E /* Build configuration list for PBXNativeTarget "SwiftyLogger_iOS" */;
			buildPhases = (
				90C4A9561C1C98C100096C1E /* Sources */,
				90C4A9571C1C98C100096C1E /* Frameworks */,
				90C4A9581C1C98C100096C1E /* Headers */,
				90C4A9591C1C98C100096C1E /* Resources */,
			);
			buildRules = (
			);
			dependencies = (
			);
			name = SwiftyLogger_iOS;
			productName = SwiftyLogger;
			productReference = 90C4A95B1C1C98C100096C1E /* SwiftyLogger_iOS.framework */;
			productType = "com.apple.product-type.framework";
		};
		90C4A9641C1C98C100096C1E /* SwiftyLoggerTests */ = {
			isa = PBXNativeTarget;
			buildConfigurationList = 90C4A9721C1C98C100096C1E /* Build configuration list for PBXNativeTarget "SwiftyLoggerTests" */;
			buildPhases = (
				90C4A9611C1C98C100096C1E /* Sources */,
				90C4A9621C1C98C100096C1E /* Frameworks */,
				90C4A9631C1C98C100096C1E /* Resources */,
			);
			buildRules = (
			);
			dependencies = (
				90C4A9681C1C98C100096C1E /* PBXTargetDependency */,
			);
			name = SwiftyLoggerTests;
			productName = SwiftyLoggerTests;
			productReference = 90C4A9651C1C98C100096C1E /* SwiftyLoggerTests.xctest */;
			productType = "com.apple.product-type.bundle.unit-test";
		};
/* End PBXNativeTarget section */

/* Begin PBXProject section */
		90C4A9521C1C98C100096C1E /* Project object */ = {
			isa = PBXProject;
			attributes = {
				LastSwiftUpdateCheck = 0710;
				LastUpgradeCheck = 0710;
				ORGANIZATIONNAME = "Michał Tynior";
				TargetAttributes = {
					900EE6E61CB00888004AF16A = {
						CreatedOnToolsVersion = 7.3;
						DevelopmentTeam = SGZ6FVQB6B;
					};
					900EE6F31CB008AA004AF16A = {
						CreatedOnToolsVersion = 7.3;
						DevelopmentTeam = SGZ6FVQB6B;
					};
					900EE7001CB008CE004AF16A = {
						CreatedOnToolsVersion = 7.3;
					};
					90C4A95A1C1C98C100096C1E = {
						CreatedOnToolsVersion = 7.1.1;
						DevelopmentTeam = SGZ6FVQB6B;
					};
					90C4A9641C1C98C100096C1E = {
						CreatedOnToolsVersion = 7.1.1;
						DevelopmentTeam = SGZ6FVQB6B;
					};
				};
			};
			buildConfigurationList = 90C4A9551C1C98C100096C1E /* Build configuration list for PBXProject "SwiftyLogger" */;
			compatibilityVersion = "Xcode 3.2";
			developmentRegion = English;
			hasScannedForEncodings = 0;
			knownRegions = (
				en,
			);
			mainGroup = 90C4A9511C1C98C100096C1E;
			productRefGroup = 90C4A95C1C1C98C100096C1E /* Products */;
			projectDirPath = "";
			projectRoot = "";
			targets = (
				90C4A95A1C1C98C100096C1E /* SwiftyLogger_iOS */,
				90C4A9641C1C98C100096C1E /* SwiftyLoggerTests */,
				900EE6E61CB00888004AF16A /* SwiftyLogger_watchOS */,
				900EE6F31CB008AA004AF16A /* SwiftyLogger_tvOS */,
				900EE7001CB008CE004AF16A /* SwiftyLogger_macOS */,
			);
		};
/* End PBXProject section */

/* Begin PBXResourcesBuildPhase section */
		900EE6E51CB00888004AF16A /* Resources */ = {
			isa = PBXResourcesBuildPhase;
			buildActionMask = 2147483647;
			files = (
			);
			runOnlyForDeploymentPostprocessing = 0;
		};
		900EE6F21CB008AA004AF16A /* Resources */ = {
			isa = PBXResourcesBuildPhase;
			buildActionMask = 2147483647;
			files = (
			);
			runOnlyForDeploymentPostprocessing = 0;
		};
		900EE6FF1CB008CE004AF16A /* Resources */ = {
			isa = PBXResourcesBuildPhase;
			buildActionMask = 2147483647;
			files = (
			);
			runOnlyForDeploymentPostprocessing = 0;
		};
		90C4A9591C1C98C100096C1E /* Resources */ = {
			isa = PBXResourcesBuildPhase;
			buildActionMask = 2147483647;
			files = (
				900EE7351CB0096F004AF16A /* Info-watchOS.plist in Resources */,
				900EE7341CB0096F004AF16A /* Info-tvOS.plist in Resources */,
				900EE7331CB0096F004AF16A /* Info-macOS.plist in Resources */,
			);
			runOnlyForDeploymentPostprocessing = 0;
		};
		90C4A9631C1C98C100096C1E /* Resources */ = {
			isa = PBXResourcesBuildPhase;
			buildActionMask = 2147483647;
			files = (
			);
			runOnlyForDeploymentPostprocessing = 0;
		};
/* End PBXResourcesBuildPhase section */

/* Begin PBXSourcesBuildPhase section */
		900EE6E21CB00888004AF16A /* Sources */ = {
			isa = PBXSourcesBuildPhase;
			buildActionMask = 2147483647;
			files = (
				900EE7241CB00928004AF16A /* LoggerFactoryType.swift in Sources */,
				900EE7251CB00928004AF16A /* LoggerTarget.swift in Sources */,
				900EE7261CB00928004AF16A /* LoggerType.swift in Sources */,
				900EE7271CB00928004AF16A /* LoggerTypeExtensions.swift in Sources */,
				900EE7281CB00928004AF16A /* LogLevel.swift in Sources */,
				900EE7291CB00928004AF16A /* LogMessage.swift in Sources */,
				900EE72A1CB00928004AF16A /* LogMessageFormatterType.swift in Sources */,
				900EE72B1CB00928004AF16A /* Console.swift in Sources */,
				900EE72C1CB00928004AF16A /* FileLogger.swift in Sources */,
				900EE72D1CB00928004AF16A /* DefaultLogMessageFormatter.swift in Sources */,
				900EE72E1CB00928004AF16A /* Logger.swift in Sources */,
				900EE72F1CB00928004AF16A /* LoggerFactory.swift in Sources */,
			);
			runOnlyForDeploymentPostprocessing = 0;
		};
		900EE6EF1CB008AA004AF16A /* Sources */ = {
			isa = PBXSourcesBuildPhase;
			buildActionMask = 2147483647;
			files = (
				900EE7171CB0090B004AF16A /* LoggerFactoryType.swift in Sources */,
				900EE7181CB0090B004AF16A /* LoggerTarget.swift in Sources */,
				900EE7191CB0090B004AF16A /* LoggerType.swift in Sources */,
				900EE71A1CB0090B004AF16A /* LoggerTypeExtensions.swift in Sources */,
				900EE71B1CB0090B004AF16A /* LogLevel.swift in Sources */,
				900EE71C1CB0090B004AF16A /* LogMessage.swift in Sources */,
				900EE71D1CB0090B004AF16A /* LogMessageFormatterType.swift in Sources */,
				900EE71E1CB0090B004AF16A /* Console.swift in Sources */,
				900EE71F1CB0090B004AF16A /* FileLogger.swift in Sources */,
				900EE7201CB0090B004AF16A /* DefaultLogMessageFormatter.swift in Sources */,
				900EE7211CB0090B004AF16A /* Logger.swift in Sources */,
				900EE7221CB0090B004AF16A /* LoggerFactory.swift in Sources */,
			);
			runOnlyForDeploymentPostprocessing = 0;
		};
		900EE6FC1CB008CE004AF16A /* Sources */ = {
			isa = PBXSourcesBuildPhase;
			buildActionMask = 2147483647;
			files = (
				900EE70A1CB008F7004AF16A /* LoggerFactoryType.swift in Sources */,
				900EE70B1CB008F7004AF16A /* LoggerTarget.swift in Sources */,
				900EE70C1CB008F7004AF16A /* LoggerType.swift in Sources */,
				900EE70D1CB008F7004AF16A /* LoggerTypeExtensions.swift in Sources */,
				900EE70E1CB008F7004AF16A /* LogLevel.swift in Sources */,
				900EE70F1CB008F7004AF16A /* LogMessage.swift in Sources */,
				900EE7101CB008F7004AF16A /* LogMessageFormatterType.swift in Sources */,
				900EE7111CB008F7004AF16A /* Console.swift in Sources */,
				900EE7121CB008F7004AF16A /* FileLogger.swift in Sources */,
				900EE7131CB008F7004AF16A /* DefaultLogMessageFormatter.swift in Sources */,
				900EE7141CB008F7004AF16A /* Logger.swift in Sources */,
				900EE7151CB008F7004AF16A /* LoggerFactory.swift in Sources */,
			);
			runOnlyForDeploymentPostprocessing = 0;
		};
		90C4A9561C1C98C100096C1E /* Sources */ = {
			isa = PBXSourcesBuildPhase;
			buildActionMask = 2147483647;
			files = (
				90C4A9A91C1C994500096C1E /* LogMessage.swift in Sources */,
				90C4A9AE1C1C994500096C1E /* Logger.swift in Sources */,
				90C4A9A51C1C994500096C1E /* LoggerTarget.swift in Sources */,
				90C4A9A61C1C994500096C1E /* LoggerType.swift in Sources */,
				90C4A9AB1C1C994500096C1E /* Console.swift in Sources */,
				90C4A9AD1C1C994500096C1E /* DefaultLogMessageFormatter.swift in Sources */,
				90C4A9AF1C1C994500096C1E /* LoggerFactory.swift in Sources */,
				90C4A9AA1C1C994500096C1E /* LogMessageFormatterType.swift in Sources */,
				90C4A9A41C1C994500096C1E /* LoggerFactoryType.swift in Sources */,
				90C4A9AC1C1C994500096C1E /* FileLogger.swift in Sources */,
				90C4A9A81C1C994500096C1E /* LogLevel.swift in Sources */,
				90C4A9A71C1C994500096C1E /* LoggerTypeExtensions.swift in Sources */,
			);
			runOnlyForDeploymentPostprocessing = 0;
		};
		90C4A9611C1C98C100096C1E /* Sources */ = {
			isa = PBXSourcesBuildPhase;
			buildActionMask = 2147483647;
			files = (
				90C4A96B1C1C98C100096C1E /* SwiftyLoggerTests.swift in Sources */,
			);
			runOnlyForDeploymentPostprocessing = 0;
		};
/* End PBXSourcesBuildPhase section */

/* Begin PBXTargetDependency section */
		90C4A9681C1C98C100096C1E /* PBXTargetDependency */ = {
			isa = PBXTargetDependency;
			target = 90C4A95A1C1C98C100096C1E /* SwiftyLogger_iOS */;
			targetProxy = 90C4A9671C1C98C100096C1E /* PBXContainerItemProxy */;
		};
/* End PBXTargetDependency section */

/* Begin XCBuildConfiguration section */
		900EE6ED1CB00888004AF16A /* Debug */ = {
			isa = XCBuildConfiguration;
			buildSettings = {
				APPLICATION_EXTENSION_API_ONLY = YES;
				CLANG_ANALYZER_NONNULL = YES;
				DEFINES_MODULE = YES;
				DYLIB_COMPATIBILITY_VERSION = 1;
				DYLIB_CURRENT_VERSION = 1;
				DYLIB_INSTALL_NAME_BASE = "@rpath";
				INFOPLIST_FILE = "SwiftyLogger/Info-watchOS.plist";
				INSTALL_PATH = "$(LOCAL_LIBRARY_DIR)/Frameworks";
				LD_RUNPATH_SEARCH_PATHS = "$(inherited) @executable_path/Frameworks @loader_path/Frameworks";
				PRODUCT_BUNDLE_IDENTIFIER = "com.tynior.SwiftyLogger-watchOS";
				PRODUCT_NAME = "$(TARGET_NAME)";
				SDKROOT = watchos;
				SKIP_INSTALL = YES;
				TARGETED_DEVICE_FAMILY = 4;
				WATCHOS_DEPLOYMENT_TARGET = 2.0;
			};
			name = Debug;
		};
		900EE6EE1CB00888004AF16A /* Release */ = {
			isa = XCBuildConfiguration;
			buildSettings = {
				APPLICATION_EXTENSION_API_ONLY = YES;
				CLANG_ANALYZER_NONNULL = YES;
				DEFINES_MODULE = YES;
				DYLIB_COMPATIBILITY_VERSION = 1;
				DYLIB_CURRENT_VERSION = 1;
				DYLIB_INSTALL_NAME_BASE = "@rpath";
				INFOPLIST_FILE = "SwiftyLogger/Info-watchOS.plist";
				INSTALL_PATH = "$(LOCAL_LIBRARY_DIR)/Frameworks";
				LD_RUNPATH_SEARCH_PATHS = "$(inherited) @executable_path/Frameworks @loader_path/Frameworks";
				PRODUCT_BUNDLE_IDENTIFIER = "com.tynior.SwiftyLogger-watchOS";
				PRODUCT_NAME = "$(TARGET_NAME)";
				SDKROOT = watchos;
				SKIP_INSTALL = YES;
				TARGETED_DEVICE_FAMILY = 4;
				WATCHOS_DEPLOYMENT_TARGET = 2.0;
			};
			name = Release;
		};
		900EE6FA1CB008AA004AF16A /* Debug */ = {
			isa = XCBuildConfiguration;
			buildSettings = {
				CLANG_ANALYZER_NONNULL = YES;
				DEFINES_MODULE = YES;
				DYLIB_COMPATIBILITY_VERSION = 1;
				DYLIB_CURRENT_VERSION = 1;
				DYLIB_INSTALL_NAME_BASE = "@rpath";
				INFOPLIST_FILE = "$(SRCROOT)/SwiftyLogger/Info-tvOS.plist";
				INSTALL_PATH = "$(LOCAL_LIBRARY_DIR)/Frameworks";
				LD_RUNPATH_SEARCH_PATHS = "$(inherited) @executable_path/Frameworks @loader_path/Frameworks";
				PRODUCT_BUNDLE_IDENTIFIER = "com.tynior.SwiftyLogger-tvOS";
				PRODUCT_NAME = "$(TARGET_NAME)";
				SDKROOT = appletvos;
				SKIP_INSTALL = YES;
				TARGETED_DEVICE_FAMILY = 3;
				TVOS_DEPLOYMENT_TARGET = 9.0;
			};
			name = Debug;
		};
		900EE6FB1CB008AA004AF16A /* Release */ = {
			isa = XCBuildConfiguration;
			buildSettings = {
				CLANG_ANALYZER_NONNULL = YES;
				DEFINES_MODULE = YES;
				DYLIB_COMPATIBILITY_VERSION = 1;
				DYLIB_CURRENT_VERSION = 1;
				DYLIB_INSTALL_NAME_BASE = "@rpath";
				INFOPLIST_FILE = "$(SRCROOT)/SwiftyLogger/Info-tvOS.plist";
				INSTALL_PATH = "$(LOCAL_LIBRARY_DIR)/Frameworks";
				LD_RUNPATH_SEARCH_PATHS = "$(inherited) @executable_path/Frameworks @loader_path/Frameworks";
				PRODUCT_BUNDLE_IDENTIFIER = "com.tynior.SwiftyLogger-tvOS";
				PRODUCT_NAME = "$(TARGET_NAME)";
				SDKROOT = appletvos;
				SKIP_INSTALL = YES;
				TARGETED_DEVICE_FAMILY = 3;
				TVOS_DEPLOYMENT_TARGET = 9.0;
			};
			name = Release;
		};
		900EE7071CB008CE004AF16A /* Debug */ = {
			isa = XCBuildConfiguration;
			buildSettings = {
				CLANG_ANALYZER_NONNULL = YES;
				CODE_SIGN_IDENTITY = "-";
				COMBINE_HIDPI_IMAGES = YES;
				DEFINES_MODULE = YES;
				DYLIB_COMPATIBILITY_VERSION = 1;
				DYLIB_CURRENT_VERSION = 1;
				DYLIB_INSTALL_NAME_BASE = "@rpath";
				FRAMEWORK_VERSION = A;
				INFOPLIST_FILE = "$(SRCROOT)/SwiftyLogger/Info-macOS.plist";
				INSTALL_PATH = "$(LOCAL_LIBRARY_DIR)/Frameworks";
				LD_RUNPATH_SEARCH_PATHS = "$(inherited) @executable_path/../Frameworks @loader_path/Frameworks";
				MACOSX_DEPLOYMENT_TARGET = 10.10;
				PRODUCT_BUNDLE_IDENTIFIER = "com.tynior.SwiftyLogger-macOS";
				PRODUCT_NAME = "$(TARGET_NAME)";
				SDKROOT = macosx;
				SKIP_INSTALL = YES;
			};
			name = Debug;
		};
		900EE7081CB008CE004AF16A /* Release */ = {
			isa = XCBuildConfiguration;
			buildSettings = {
				CLANG_ANALYZER_NONNULL = YES;
				CODE_SIGN_IDENTITY = "-";
				COMBINE_HIDPI_IMAGES = YES;
				DEFINES_MODULE = YES;
				DYLIB_COMPATIBILITY_VERSION = 1;
				DYLIB_CURRENT_VERSION = 1;
				DYLIB_INSTALL_NAME_BASE = "@rpath";
				FRAMEWORK_VERSION = A;
				INFOPLIST_FILE = "$(SRCROOT)/SwiftyLogger/Info-macOS.plist";
				INSTALL_PATH = "$(LOCAL_LIBRARY_DIR)/Frameworks";
				LD_RUNPATH_SEARCH_PATHS = "$(inherited) @executable_path/../Frameworks @loader_path/Frameworks";
				MACOSX_DEPLOYMENT_TARGET = 10.10;
				PRODUCT_BUNDLE_IDENTIFIER = "com.tynior.SwiftyLogger-macOS";
				PRODUCT_NAME = "$(TARGET_NAME)";
				SDKROOT = macosx;
				SKIP_INSTALL = YES;
			};
			name = Release;
		};
		90C4A96D1C1C98C100096C1E /* Debug */ = {
			isa = XCBuildConfiguration;
			buildSettings = {
				ALWAYS_SEARCH_USER_PATHS = NO;
				CLANG_CXX_LANGUAGE_STANDARD = "gnu++0x";
				CLANG_CXX_LIBRARY = "libc++";
				CLANG_ENABLE_MODULES = YES;
				CLANG_ENABLE_OBJC_ARC = YES;
				CLANG_WARN_BOOL_CONVERSION = YES;
				CLANG_WARN_CONSTANT_CONVERSION = YES;
				CLANG_WARN_DIRECT_OBJC_ISA_USAGE = YES_ERROR;
				CLANG_WARN_EMPTY_BODY = YES;
				CLANG_WARN_ENUM_CONVERSION = YES;
				CLANG_WARN_INT_CONVERSION = YES;
				CLANG_WARN_OBJC_ROOT_CLASS = YES_ERROR;
				CLANG_WARN_UNREACHABLE_CODE = YES;
				CLANG_WARN__DUPLICATE_METHOD_MATCH = YES;
				"CODE_SIGN_IDENTITY[sdk=iphoneos*]" = "iPhone Developer";
				COPY_PHASE_STRIP = NO;
				CURRENT_PROJECT_VERSION = 1;
				DEBUG_INFORMATION_FORMAT = dwarf;
				ENABLE_STRICT_OBJC_MSGSEND = YES;
				ENABLE_TESTABILITY = YES;
				GCC_C_LANGUAGE_STANDARD = gnu99;
				GCC_DYNAMIC_NO_PIC = NO;
				GCC_NO_COMMON_BLOCKS = YES;
				GCC_OPTIMIZATION_LEVEL = 0;
				GCC_PREPROCESSOR_DEFINITIONS = (
					"DEBUG=1",
					"$(inherited)",
				);
				GCC_WARN_64_TO_32_BIT_CONVERSION = YES;
				GCC_WARN_ABOUT_RETURN_TYPE = YES_ERROR;
				GCC_WARN_UNDECLARED_SELECTOR = YES;
				GCC_WARN_UNINITIALIZED_AUTOS = YES_AGGRESSIVE;
				GCC_WARN_UNUSED_FUNCTION = YES;
				GCC_WARN_UNUSED_VARIABLE = YES;
				IPHONEOS_DEPLOYMENT_TARGET = 8.0;
				MTL_ENABLE_DEBUG_INFO = YES;
				ONLY_ACTIVE_ARCH = YES;
				SDKROOT = iphoneos;
				SWIFT_OPTIMIZATION_LEVEL = "-Onone";
				TARGETED_DEVICE_FAMILY = "1,2";
				VERSIONING_SYSTEM = "apple-generic";
				VERSION_INFO_PREFIX = "";
			};
			name = Debug;
		};
		90C4A96E1C1C98C100096C1E /* Release */ = {
			isa = XCBuildConfiguration;
			buildSettings = {
				ALWAYS_SEARCH_USER_PATHS = NO;
				CLANG_CXX_LANGUAGE_STANDARD = "gnu++0x";
				CLANG_CXX_LIBRARY = "libc++";
				CLANG_ENABLE_MODULES = YES;
				CLANG_ENABLE_OBJC_ARC = YES;
				CLANG_WARN_BOOL_CONVERSION = YES;
				CLANG_WARN_CONSTANT_CONVERSION = YES;
				CLANG_WARN_DIRECT_OBJC_ISA_USAGE = YES_ERROR;
				CLANG_WARN_EMPTY_BODY = YES;
				CLANG_WARN_ENUM_CONVERSION = YES;
				CLANG_WARN_INT_CONVERSION = YES;
				CLANG_WARN_OBJC_ROOT_CLASS = YES_ERROR;
				CLANG_WARN_UNREACHABLE_CODE = YES;
				CLANG_WARN__DUPLICATE_METHOD_MATCH = YES;
				"CODE_SIGN_IDENTITY[sdk=iphoneos*]" = "iPhone Developer";
				COPY_PHASE_STRIP = NO;
				CURRENT_PROJECT_VERSION = 1;
				DEBUG_INFORMATION_FORMAT = "dwarf-with-dsym";
				ENABLE_NS_ASSERTIONS = NO;
				ENABLE_STRICT_OBJC_MSGSEND = YES;
				GCC_C_LANGUAGE_STANDARD = gnu99;
				GCC_NO_COMMON_BLOCKS = YES;
				GCC_WARN_64_TO_32_BIT_CONVERSION = YES;
				GCC_WARN_ABOUT_RETURN_TYPE = YES_ERROR;
				GCC_WARN_UNDECLARED_SELECTOR = YES;
				GCC_WARN_UNINITIALIZED_AUTOS = YES_AGGRESSIVE;
				GCC_WARN_UNUSED_FUNCTION = YES;
				GCC_WARN_UNUSED_VARIABLE = YES;
				IPHONEOS_DEPLOYMENT_TARGET = 8.0;
				MTL_ENABLE_DEBUG_INFO = NO;
				SDKROOT = iphoneos;
				TARGETED_DEVICE_FAMILY = "1,2";
				VALIDATE_PRODUCT = YES;
				VERSIONING_SYSTEM = "apple-generic";
				VERSION_INFO_PREFIX = "";
			};
			name = Release;
		};
		90C4A9701C1C98C100096C1E /* Debug */ = {
			isa = XCBuildConfiguration;
			buildSettings = {
				CLANG_ENABLE_MODULES = YES;
				DEFINES_MODULE = YES;
				DYLIB_COMPATIBILITY_VERSION = 1;
				DYLIB_CURRENT_VERSION = 1;
				DYLIB_INSTALL_NAME_BASE = "@rpath";
				INFOPLIST_FILE = "$(SRCROOT)/SwiftyLogger/Info-iOS.plist";
				INSTALL_PATH = "$(LOCAL_LIBRARY_DIR)/Frameworks";
				LD_RUNPATH_SEARCH_PATHS = "$(inherited) @executable_path/Frameworks @loader_path/Frameworks";
				PRODUCT_BUNDLE_IDENTIFIER = com.tynior.SwiftyLogger;
				PRODUCT_NAME = "$(TARGET_NAME)";
				SKIP_INSTALL = YES;
				SWIFT_OPTIMIZATION_LEVEL = "-Onone";
			};
			name = Debug;
		};
		90C4A9711C1C98C100096C1E /* Release */ = {
			isa = XCBuildConfiguration;
			buildSettings = {
				CLANG_ENABLE_MODULES = YES;
				DEFINES_MODULE = YES;
				DYLIB_COMPATIBILITY_VERSION = 1;
				DYLIB_CURRENT_VERSION = 1;
				DYLIB_INSTALL_NAME_BASE = "@rpath";
				INFOPLIST_FILE = "$(SRCROOT)/SwiftyLogger/Info-iOS.plist";
				INSTALL_PATH = "$(LOCAL_LIBRARY_DIR)/Frameworks";
				LD_RUNPATH_SEARCH_PATHS = "$(inherited) @executable_path/Frameworks @loader_path/Frameworks";
				PRODUCT_BUNDLE_IDENTIFIER = com.tynior.SwiftyLogger;
				PRODUCT_NAME = "$(TARGET_NAME)";
				SKIP_INSTALL = YES;
			};
			name = Release;
		};
		90C4A9731C1C98C100096C1E /* Debug */ = {
			isa = XCBuildConfiguration;
			buildSettings = {
				INFOPLIST_FILE = SwiftyLoggerTests/Info.plist;
				LD_RUNPATH_SEARCH_PATHS = "$(inherited) @executable_path/Frameworks @loader_path/Frameworks";
				PRODUCT_BUNDLE_IDENTIFIER = com.tynior.SwiftyLoggerTests;
				PRODUCT_NAME = "$(TARGET_NAME)";
			};
			name = Debug;
		};
		90C4A9741C1C98C100096C1E /* Release */ = {
			isa = XCBuildConfiguration;
			buildSettings = {
				INFOPLIST_FILE = SwiftyLoggerTests/Info.plist;
				LD_RUNPATH_SEARCH_PATHS = "$(inherited) @executable_path/Frameworks @loader_path/Frameworks";
				PRODUCT_BUNDLE_IDENTIFIER = com.tynior.SwiftyLoggerTests;
				PRODUCT_NAME = "$(TARGET_NAME)";
			};
			name = Release;
		};
/* End XCBuildConfiguration section */

/* Begin XCConfigurationList section */
		900EE6EC1CB00888004AF16A /* Build configuration list for PBXNativeTarget "SwiftyLogger_watchOS" */ = {
			isa = XCConfigurationList;
			buildConfigurations = (
				900EE6ED1CB00888004AF16A /* Debug */,
				900EE6EE1CB00888004AF16A /* Release */,
			);
			defaultConfigurationIsVisible = 0;
		};
		900EE6F91CB008AA004AF16A /* Build configuration list for PBXNativeTarget "SwiftyLogger_tvOS" */ = {
			isa = XCConfigurationList;
			buildConfigurations = (
				900EE6FA1CB008AA004AF16A /* Debug */,
				900EE6FB1CB008AA004AF16A /* Release */,
			);
			defaultConfigurationIsVisible = 0;
		};
		900EE7061CB008CE004AF16A /* Build configuration list for PBXNativeTarget "SwiftyLogger_macOS" */ = {
			isa = XCConfigurationList;
			buildConfigurations = (
				900EE7071CB008CE004AF16A /* Debug */,
				900EE7081CB008CE004AF16A /* Release */,
			);
			defaultConfigurationIsVisible = 0;
		};
		90C4A9551C1C98C100096C1E /* Build configuration list for PBXProject "SwiftyLogger" */ = {
			isa = XCConfigurationList;
			buildConfigurations = (
				90C4A96D1C1C98C100096C1E /* Debug */,
				90C4A96E1C1C98C100096C1E /* Release */,
			);
			defaultConfigurationIsVisible = 0;
			defaultConfigurationName = Release;
		};
		90C4A96F1C1C98C100096C1E /* Build configuration list for PBXNativeTarget "SwiftyLogger_iOS" */ = {
			isa = XCConfigurationList;
			buildConfigurations = (
				90C4A9701C1C98C100096C1E /* Debug */,
				90C4A9711C1C98C100096C1E /* Release */,
			);
			defaultConfigurationIsVisible = 0;
			defaultConfigurationName = Release;
		};
		90C4A9721C1C98C100096C1E /* Build configuration list for PBXNativeTarget "SwiftyLoggerTests" */ = {
			isa = XCConfigurationList;
			buildConfigurations = (
				90C4A9731C1C98C100096C1E /* Debug */,
				90C4A9741C1C98C100096C1E /* Release */,
			);
			defaultConfigurationIsVisible = 0;
			defaultConfigurationName = Release;
		};
/* End XCConfigurationList section */
	};
	rootObject = 90C4A9521C1C98C100096C1E /* Project object */;
}
