// !$*UTF8*$!
{
	archiveVersion = 1;
	classes = {
	};
	objectVersion = 46;
	objects = {

/* Begin PBXBuildFile section */
		90451F3F1DC0B04A00809804 /* SwiftyLogger.h in Headers */ = {isa = PBXBuildFile; fileRef = 90451F3D1DC0B04A00809804 /* SwiftyLogger.h */; settings = {ATTRIBUTES = (Public, ); }; };
		90451F501DC0B08D00809804 /* BaseLoggerTarget.swift in Sources */ = {isa = PBXBuildFile; fileRef = 90451F411DC0B08D00809804 /* BaseLoggerTarget.swift */; };
		90451F511DC0B08D00809804 /* Logger.swift in Sources */ = {isa = PBXBuildFile; fileRef = 90451F421DC0B08D00809804 /* Logger.swift */; };
		90451F521DC0B08D00809804 /* LoggerExtensions.swift in Sources */ = {isa = PBXBuildFile; fileRef = 90451F431DC0B08D00809804 /* LoggerExtensions.swift */; };
		90451F531DC0B08D00809804 /* LoggerFactory.swift in Sources */ = {isa = PBXBuildFile; fileRef = 90451F441DC0B08D00809804 /* LoggerFactory.swift */; };
		90451F541DC0B08D00809804 /* LoggerTarget.swift in Sources */ = {isa = PBXBuildFile; fileRef = 90451F451DC0B08D00809804 /* LoggerTarget.swift */; };
		90451F551DC0B08D00809804 /* LogLevel.swift in Sources */ = {isa = PBXBuildFile; fileRef = 90451F461DC0B08D00809804 /* LogLevel.swift */; };
		90451F561DC0B08D00809804 /* LogMessage.swift in Sources */ = {isa = PBXBuildFile; fileRef = 90451F471DC0B08D00809804 /* LogMessage.swift */; };
		90451F571DC0B08D00809804 /* LogMessageFormatterType.swift in Sources */ = {isa = PBXBuildFile; fileRef = 90451F481DC0B08D00809804 /* LogMessageFormatterType.swift */; };
		90451F581DC0B08D00809804 /* DefaultLogger.swift in Sources */ = {isa = PBXBuildFile; fileRef = 90451F491DC0B08D00809804 /* DefaultLogger.swift */; };
		90451F591DC0B08D00809804 /* DefaultLoggerFactory.swift in Sources */ = {isa = PBXBuildFile; fileRef = 90451F4A1DC0B08D00809804 /* DefaultLoggerFactory.swift */; };
		90451F5A1DC0B08D00809804 /* ConsoleLogger.swift in Sources */ = {isa = PBXBuildFile; fileRef = 90451F4C1DC0B08D00809804 /* ConsoleLogger.swift */; };
		90451F5B1DC0B08D00809804 /* FileLogger.swift in Sources */ = {isa = PBXBuildFile; fileRef = 90451F4D1DC0B08D00809804 /* FileLogger.swift */; };
		90451F5C1DC0B08D00809804 /* DefaultLogMessageFormatter.swift in Sources */ = {isa = PBXBuildFile; fileRef = 90451F4F1DC0B08D00809804 /* DefaultLogMessageFormatter.swift */; };
		90451F5D1DC0B0F500809804 /* SwiftyLoggerTests.swift in Sources */ = {isa = PBXBuildFile; fileRef = 90451F3A1DC0B03B00809804 /* SwiftyLoggerTests.swift */; };
		90451F861DC0B66C00809804 /* SwiftyLogger.h in Headers */ = {isa = PBXBuildFile; fileRef = 90451F3D1DC0B04A00809804 /* SwiftyLogger.h */; settings = {ATTRIBUTES = (Public, ); }; };
		90451F871DC0B67400809804 /* SwiftyLogger.h in Headers */ = {isa = PBXBuildFile; fileRef = 90451F3D1DC0B04A00809804 /* SwiftyLogger.h */; settings = {ATTRIBUTES = (Public, ); }; };
		90451F881DC0B68300809804 /* SwiftyLogger.h in Headers */ = {isa = PBXBuildFile; fileRef = 90451F3D1DC0B04A00809804 /* SwiftyLogger.h */; settings = {ATTRIBUTES = (Public, ); }; };
		90451F891DC0B6B300809804 /* BaseLoggerTarget.swift in Sources */ = {isa = PBXBuildFile; fileRef = 90451F411DC0B08D00809804 /* BaseLoggerTarget.swift */; };
		90451F8A1DC0B6B300809804 /* Logger.swift in Sources */ = {isa = PBXBuildFile; fileRef = 90451F421DC0B08D00809804 /* Logger.swift */; };
		90451F8B1DC0B6B300809804 /* LoggerExtensions.swift in Sources */ = {isa = PBXBuildFile; fileRef = 90451F431DC0B08D00809804 /* LoggerExtensions.swift */; };
		90451F8C1DC0B6B300809804 /* LoggerFactory.swift in Sources */ = {isa = PBXBuildFile; fileRef = 90451F441DC0B08D00809804 /* LoggerFactory.swift */; };
		90451F8D1DC0B6B300809804 /* LoggerTarget.swift in Sources */ = {isa = PBXBuildFile; fileRef = 90451F451DC0B08D00809804 /* LoggerTarget.swift */; };
		90451F8E1DC0B6B300809804 /* LogLevel.swift in Sources */ = {isa = PBXBuildFile; fileRef = 90451F461DC0B08D00809804 /* LogLevel.swift */; };
		90451F8F1DC0B6B300809804 /* LogMessage.swift in Sources */ = {isa = PBXBuildFile; fileRef = 90451F471DC0B08D00809804 /* LogMessage.swift */; };
		90451F901DC0B6B300809804 /* LogMessageFormatterType.swift in Sources */ = {isa = PBXBuildFile; fileRef = 90451F481DC0B08D00809804 /* LogMessageFormatterType.swift */; };
		90451F911DC0B6B300809804 /* ConsoleLogger.swift in Sources */ = {isa = PBXBuildFile; fileRef = 90451F4C1DC0B08D00809804 /* ConsoleLogger.swift */; };
		90451F921DC0B6B300809804 /* FileLogger.swift in Sources */ = {isa = PBXBuildFile; fileRef = 90451F4D1DC0B08D00809804 /* FileLogger.swift */; };
		90451F931DC0B6B300809804 /* DefaultLogMessageFormatter.swift in Sources */ = {isa = PBXBuildFile; fileRef = 90451F4F1DC0B08D00809804 /* DefaultLogMessageFormatter.swift */; };
		90451F941DC0B6B300809804 /* DefaultLogger.swift in Sources */ = {isa = PBXBuildFile; fileRef = 90451F491DC0B08D00809804 /* DefaultLogger.swift */; };
		90451F951DC0B6B300809804 /* DefaultLoggerFactory.swift in Sources */ = {isa = PBXBuildFile; fileRef = 90451F4A1DC0B08D00809804 /* DefaultLoggerFactory.swift */; };
		90451F961DC0B6C600809804 /* BaseLoggerTarget.swift in Sources */ = {isa = PBXBuildFile; fileRef = 90451F411DC0B08D00809804 /* BaseLoggerTarget.swift */; };
		90451F971DC0B6C600809804 /* Logger.swift in Sources */ = {isa = PBXBuildFile; fileRef = 90451F421DC0B08D00809804 /* Logger.swift */; };
		90451F981DC0B6C600809804 /* LoggerExtensions.swift in Sources */ = {isa = PBXBuildFile; fileRef = 90451F431DC0B08D00809804 /* LoggerExtensions.swift */; };
		90451F991DC0B6C600809804 /* LoggerFactory.swift in Sources */ = {isa = PBXBuildFile; fileRef = 90451F441DC0B08D00809804 /* LoggerFactory.swift */; };
		90451F9A1DC0B6C600809804 /* LoggerTarget.swift in Sources */ = {isa = PBXBuildFile; fileRef = 90451F451DC0B08D00809804 /* LoggerTarget.swift */; };
		90451F9B1DC0B6C600809804 /* LogLevel.swift in Sources */ = {isa = PBXBuildFile; fileRef = 90451F461DC0B08D00809804 /* LogLevel.swift */; };
		90451F9C1DC0B6C600809804 /* LogMessage.swift in Sources */ = {isa = PBXBuildFile; fileRef = 90451F471DC0B08D00809804 /* LogMessage.swift */; };
		90451F9D1DC0B6C600809804 /* LogMessageFormatterType.swift in Sources */ = {isa = PBXBuildFile; fileRef = 90451F481DC0B08D00809804 /* LogMessageFormatterType.swift */; };
		90451F9E1DC0B6C600809804 /* ConsoleLogger.swift in Sources */ = {isa = PBXBuildFile; fileRef = 90451F4C1DC0B08D00809804 /* ConsoleLogger.swift */; };
		90451F9F1DC0B6C600809804 /* FileLogger.swift in Sources */ = {isa = PBXBuildFile; fileRef = 90451F4D1DC0B08D00809804 /* FileLogger.swift */; };
		90451FA01DC0B6C600809804 /* DefaultLogMessageFormatter.swift in Sources */ = {isa = PBXBuildFile; fileRef = 90451F4F1DC0B08D00809804 /* DefaultLogMessageFormatter.swift */; };
		90451FA11DC0B6C600809804 /* DefaultLogger.swift in Sources */ = {isa = PBXBuildFile; fileRef = 90451F491DC0B08D00809804 /* DefaultLogger.swift */; };
		90451FA21DC0B6C600809804 /* DefaultLoggerFactory.swift in Sources */ = {isa = PBXBuildFile; fileRef = 90451F4A1DC0B08D00809804 /* DefaultLoggerFactory.swift */; };
		90451FA31DC0B6D300809804 /* BaseLoggerTarget.swift in Sources */ = {isa = PBXBuildFile; fileRef = 90451F411DC0B08D00809804 /* BaseLoggerTarget.swift */; };
		90451FA41DC0B6D300809804 /* Logger.swift in Sources */ = {isa = PBXBuildFile; fileRef = 90451F421DC0B08D00809804 /* Logger.swift */; };
		90451FA51DC0B6D300809804 /* LoggerExtensions.swift in Sources */ = {isa = PBXBuildFile; fileRef = 90451F431DC0B08D00809804 /* LoggerExtensions.swift */; };
		90451FA61DC0B6D300809804 /* LoggerFactory.swift in Sources */ = {isa = PBXBuildFile; fileRef = 90451F441DC0B08D00809804 /* LoggerFactory.swift */; };
		90451FA71DC0B6D300809804 /* LoggerTarget.swift in Sources */ = {isa = PBXBuildFile; fileRef = 90451F451DC0B08D00809804 /* LoggerTarget.swift */; };
		90451FA81DC0B6D300809804 /* LogLevel.swift in Sources */ = {isa = PBXBuildFile; fileRef = 90451F461DC0B08D00809804 /* LogLevel.swift */; };
		90451FA91DC0B6D300809804 /* LogMessage.swift in Sources */ = {isa = PBXBuildFile; fileRef = 90451F471DC0B08D00809804 /* LogMessage.swift */; };
		90451FAA1DC0B6D300809804 /* LogMessageFormatterType.swift in Sources */ = {isa = PBXBuildFile; fileRef = 90451F481DC0B08D00809804 /* LogMessageFormatterType.swift */; };
		90451FAB1DC0B6D300809804 /* ConsoleLogger.swift in Sources */ = {isa = PBXBuildFile; fileRef = 90451F4C1DC0B08D00809804 /* ConsoleLogger.swift */; };
		90451FAC1DC0B6D300809804 /* FileLogger.swift in Sources */ = {isa = PBXBuildFile; fileRef = 90451F4D1DC0B08D00809804 /* FileLogger.swift */; };
		90451FAD1DC0B6D300809804 /* DefaultLogMessageFormatter.swift in Sources */ = {isa = PBXBuildFile; fileRef = 90451F4F1DC0B08D00809804 /* DefaultLogMessageFormatter.swift */; };
		90451FAE1DC0B6D300809804 /* DefaultLogger.swift in Sources */ = {isa = PBXBuildFile; fileRef = 90451F491DC0B08D00809804 /* DefaultLogger.swift */; };
		90451FAF1DC0B6D300809804 /* DefaultLoggerFactory.swift in Sources */ = {isa = PBXBuildFile; fileRef = 90451F4A1DC0B08D00809804 /* DefaultLoggerFactory.swift */; };
		908B7B541DC0AFA300148CF8 /* SwiftyLogger.framework in Frameworks */ = {isa = PBXBuildFile; fileRef = 908B7B4A1DC0AFA300148CF8 /* SwiftyLogger.framework */; };
/* End PBXBuildFile section */

/* Begin PBXContainerItemProxy section */
		908B7B551DC0AFA300148CF8 /* PBXContainerItemProxy */ = {
			isa = PBXContainerItemProxy;
			containerPortal = 908B7B411DC0AFA300148CF8 /* Project object */;
			proxyType = 1;
			remoteGlobalIDString = 908B7B491DC0AFA300148CF8;
			remoteInfo = SwiftyLogger;
		};
/* End PBXContainerItemProxy section */

/* Begin PBXFileReference section */
		90451F381DC0B03600809804 /* Info.plist */ = {isa = PBXFileReference; fileEncoding = 4; lastKnownFileType = text.plist.xml; name = Info.plist; path = Tests/Info.plist; sourceTree = SOURCE_ROOT; };
		90451F3A1DC0B03B00809804 /* SwiftyLoggerTests.swift */ = {isa = PBXFileReference; fileEncoding = 4; lastKnownFileType = sourcecode.swift; name = SwiftyLoggerTests.swift; path = Tests/SwiftyLoggerTests.swift; sourceTree = SOURCE_ROOT; };
		90451F3C1DC0B04A00809804 /* Info.plist */ = {isa = PBXFileReference; fileEncoding = 4; lastKnownFileType = text.plist.xml; name = Info.plist; path = Source/Info.plist; sourceTree = SOURCE_ROOT; };
		90451F3D1DC0B04A00809804 /* SwiftyLogger.h */ = {isa = PBXFileReference; fileEncoding = 4; lastKnownFileType = sourcecode.c.h; name = SwiftyLogger.h; path = Source/SwiftyLogger.h; sourceTree = SOURCE_ROOT; };
		90451F411DC0B08D00809804 /* BaseLoggerTarget.swift */ = {isa = PBXFileReference; fileEncoding = 4; lastKnownFileType = sourcecode.swift; path = BaseLoggerTarget.swift; sourceTree = "<group>"; };
		90451F421DC0B08D00809804 /* Logger.swift */ = {isa = PBXFileReference; fileEncoding = 4; lastKnownFileType = sourcecode.swift; path = Logger.swift; sourceTree = "<group>"; };
		90451F431DC0B08D00809804 /* LoggerExtensions.swift */ = {isa = PBXFileReference; fileEncoding = 4; lastKnownFileType = sourcecode.swift; path = LoggerExtensions.swift; sourceTree = "<group>"; };
		90451F441DC0B08D00809804 /* LoggerFactory.swift */ = {isa = PBXFileReference; fileEncoding = 4; lastKnownFileType = sourcecode.swift; path = LoggerFactory.swift; sourceTree = "<group>"; };
		90451F451DC0B08D00809804 /* LoggerTarget.swift */ = {isa = PBXFileReference; fileEncoding = 4; lastKnownFileType = sourcecode.swift; path = LoggerTarget.swift; sourceTree = "<group>"; };
		90451F461DC0B08D00809804 /* LogLevel.swift */ = {isa = PBXFileReference; fileEncoding = 4; lastKnownFileType = sourcecode.swift; path = LogLevel.swift; sourceTree = "<group>"; };
		90451F471DC0B08D00809804 /* LogMessage.swift */ = {isa = PBXFileReference; fileEncoding = 4; lastKnownFileType = sourcecode.swift; path = LogMessage.swift; sourceTree = "<group>"; };
		90451F481DC0B08D00809804 /* LogMessageFormatterType.swift */ = {isa = PBXFileReference; fileEncoding = 4; lastKnownFileType = sourcecode.swift; path = LogMessageFormatterType.swift; sourceTree = "<group>"; };
		90451F491DC0B08D00809804 /* DefaultLogger.swift */ = {isa = PBXFileReference; fileEncoding = 4; lastKnownFileType = sourcecode.swift; name = DefaultLogger.swift; path = Source/DefaultLogger.swift; sourceTree = SOURCE_ROOT; };
		90451F4A1DC0B08D00809804 /* DefaultLoggerFactory.swift */ = {isa = PBXFileReference; fileEncoding = 4; lastKnownFileType = sourcecode.swift; name = DefaultLoggerFactory.swift; path = Source/DefaultLoggerFactory.swift; sourceTree = SOURCE_ROOT; };
		90451F4C1DC0B08D00809804 /* ConsoleLogger.swift */ = {isa = PBXFileReference; fileEncoding = 4; lastKnownFileType = sourcecode.swift; path = ConsoleLogger.swift; sourceTree = "<group>"; };
		90451F4D1DC0B08D00809804 /* FileLogger.swift */ = {isa = PBXFileReference; fileEncoding = 4; lastKnownFileType = sourcecode.swift; path = FileLogger.swift; sourceTree = "<group>"; };
		90451F4F1DC0B08D00809804 /* DefaultLogMessageFormatter.swift */ = {isa = PBXFileReference; fileEncoding = 4; lastKnownFileType = sourcecode.swift; path = DefaultLogMessageFormatter.swift; sourceTree = "<group>"; };
		90451F5E1DC0B16A00809804 /* Package.swift */ = {isa = PBXFileReference; lastKnownFileType = sourcecode.swift; path = Package.swift; sourceTree = SOURCE_ROOT; };
		90451F641DC0B48B00809804 /* SwiftyLogger.framework */ = {isa = PBXFileReference; explicitFileType = wrapper.framework; includeInIndex = 0; path = SwiftyLogger.framework; sourceTree = BUILT_PRODUCTS_DIR; };
		90451F711DC0B4BB00809804 /* SwiftyLogger.framework */ = {isa = PBXFileReference; explicitFileType = wrapper.framework; includeInIndex = 0; path = SwiftyLogger.framework; sourceTree = BUILT_PRODUCTS_DIR; };
		90451F7E1DC0B4E300809804 /* SwiftyLogger.framework */ = {isa = PBXFileReference; explicitFileType = wrapper.framework; includeInIndex = 0; path = SwiftyLogger.framework; sourceTree = BUILT_PRODUCTS_DIR; };
		90451FB01DC0B83500809804 /* CHANGELOG.md */ = {isa = PBXFileReference; lastKnownFileType = net.daringfireball.markdown; path = CHANGELOG.md; sourceTree = "<group>"; };
		90451FB11DC0B83500809804 /* LICENSE.md */ = {isa = PBXFileReference; lastKnownFileType = net.daringfireball.markdown; path = LICENSE.md; sourceTree = "<group>"; };
		90451FB21DC0B83500809804 /* README.md */ = {isa = PBXFileReference; lastKnownFileType = net.daringfireball.markdown; path = README.md; sourceTree = "<group>"; };
		90451FB31DC0B83500809804 /* SwiftyLogger.podspec */ = {isa = PBXFileReference; lastKnownFileType = text; path = SwiftyLogger.podspec; sourceTree = "<group>"; };
		908B7B4A1DC0AFA300148CF8 /* SwiftyLogger.framework */ = {isa = PBXFileReference; explicitFileType = wrapper.framework; includeInIndex = 0; path = SwiftyLogger.framework; sourceTree = BUILT_PRODUCTS_DIR; };
		908B7B531DC0AFA300148CF8 /* SwiftyLoggerTests.xctest */ = {isa = PBXFileReference; explicitFileType = wrapper.cfbundle; includeInIndex = 0; path = SwiftyLoggerTests.xctest; sourceTree = BUILT_PRODUCTS_DIR; };
/* End PBXFileReference section */

/* Begin PBXFrameworksBuildPhase section */
		90451F601DC0B48B00809804 /* Frameworks */ = {
			isa = PBXFrameworksBuildPhase;
			buildActionMask = 2147483647;
			files = (
			);
			runOnlyForDeploymentPostprocessing = 0;
		};
		90451F6D1DC0B4BB00809804 /* Frameworks */ = {
			isa = PBXFrameworksBuildPhase;
			buildActionMask = 2147483647;
			files = (
			);
			runOnlyForDeploymentPostprocessing = 0;
		};
		90451F7A1DC0B4E300809804 /* Frameworks */ = {
			isa = PBXFrameworksBuildPhase;
			buildActionMask = 2147483647;
			files = (
			);
			runOnlyForDeploymentPostprocessing = 0;
		};
		908B7B461DC0AFA300148CF8 /* Frameworks */ = {
			isa = PBXFrameworksBuildPhase;
			buildActionMask = 2147483647;
			files = (
			);
			runOnlyForDeploymentPostprocessing = 0;
		};
		908B7B501DC0AFA300148CF8 /* Frameworks */ = {
			isa = PBXFrameworksBuildPhase;
			buildActionMask = 2147483647;
			files = (
				908B7B541DC0AFA300148CF8 /* SwiftyLogger.framework in Frameworks */,
			);
			runOnlyForDeploymentPostprocessing = 0;
		};
/* End PBXFrameworksBuildPhase section */

/* Begin PBXGroup section */
		90451F401DC0B08D00809804 /* Abstraction */ = {
			isa = PBXGroup;
			children = (
				90451F411DC0B08D00809804 /* BaseLoggerTarget.swift */,
				90451F421DC0B08D00809804 /* Logger.swift */,
				90451F431DC0B08D00809804 /* LoggerExtensions.swift */,
				90451F441DC0B08D00809804 /* LoggerFactory.swift */,
				90451F451DC0B08D00809804 /* LoggerTarget.swift */,
				90451F461DC0B08D00809804 /* LogLevel.swift */,
				90451F471DC0B08D00809804 /* LogMessage.swift */,
				90451F481DC0B08D00809804 /* LogMessageFormatterType.swift */,
			);
			name = Abstraction;
			path = Source/Abstraction;
			sourceTree = SOURCE_ROOT;
		};
		90451F4B1DC0B08D00809804 /* DefaultLoggers */ = {
			isa = PBXGroup;
			children = (
				90451F4C1DC0B08D00809804 /* ConsoleLogger.swift */,
				90451F4D1DC0B08D00809804 /* FileLogger.swift */,
			);
			name = DefaultLoggers;
			path = Source/DefaultLoggers;
			sourceTree = SOURCE_ROOT;
		};
		90451F4E1DC0B08D00809804 /* Helpers */ = {
			isa = PBXGroup;
			children = (
				90451F4F1DC0B08D00809804 /* DefaultLogMessageFormatter.swift */,
			);
			name = Helpers;
			path = Source/Helpers;
			sourceTree = SOURCE_ROOT;
		};
		908B7B401DC0AFA300148CF8 = {
			isa = PBXGroup;
			children = (
				90451FB01DC0B83500809804 /* CHANGELOG.md */,
				90451FB11DC0B83500809804 /* LICENSE.md */,
				90451FB21DC0B83500809804 /* README.md */,
				90451FB31DC0B83500809804 /* SwiftyLogger.podspec */,
				90451F5E1DC0B16A00809804 /* Package.swift */,
				908B7B4C1DC0AFA300148CF8 /* Sources */,
				908B7B571DC0AFA300148CF8 /* Tests */,
				908B7B4B1DC0AFA300148CF8 /* Products */,
			);
			sourceTree = "<group>";
		};
		908B7B4B1DC0AFA300148CF8 /* Products */ = {
			isa = PBXGroup;
			children = (
				908B7B4A1DC0AFA300148CF8 /* SwiftyLogger.framework */,
				908B7B531DC0AFA300148CF8 /* SwiftyLoggerTests.xctest */,
				90451F641DC0B48B00809804 /* SwiftyLogger.framework */,
				90451F711DC0B4BB00809804 /* SwiftyLogger.framework */,
				90451F7E1DC0B4E300809804 /* SwiftyLogger.framework */,
			);
			name = Products;
			sourceTree = "<group>";
		};
		908B7B4C1DC0AFA300148CF8 /* Sources */ = {
			isa = PBXGroup;
			children = (
				90451F401DC0B08D00809804 /* Abstraction */,
				90451F4B1DC0B08D00809804 /* DefaultLoggers */,
				90451F4E1DC0B08D00809804 /* Helpers */,
				90451F491DC0B08D00809804 /* DefaultLogger.swift */,
				90451F4A1DC0B08D00809804 /* DefaultLoggerFactory.swift */,
				90451F3C1DC0B04A00809804 /* Info.plist */,
				90451F3D1DC0B04A00809804 /* SwiftyLogger.h */,
			);
			name = Sources;
			path = SwiftyLogger;
			sourceTree = "<group>";
		};
		908B7B571DC0AFA300148CF8 /* Tests */ = {
			isa = PBXGroup;
			children = (
				90451F381DC0B03600809804 /* Info.plist */,
				90451F3A1DC0B03B00809804 /* SwiftyLoggerTests.swift */,
			);
			name = Tests;
			path = SwiftyLoggerTests;
			sourceTree = "<group>";
		};
/* End PBXGroup section */

/* Begin PBXHeadersBuildPhase section */
		90451F611DC0B48B00809804 /* Headers */ = {
			isa = PBXHeadersBuildPhase;
			buildActionMask = 2147483647;
			files = (
				90451F881DC0B68300809804 /* SwiftyLogger.h in Headers */,
			);
			runOnlyForDeploymentPostprocessing = 0;
		};
		90451F6E1DC0B4BB00809804 /* Headers */ = {
			isa = PBXHeadersBuildPhase;
			buildActionMask = 2147483647;
			files = (
				90451F871DC0B67400809804 /* SwiftyLogger.h in Headers */,
			);
			runOnlyForDeploymentPostprocessing = 0;
		};
		90451F7B1DC0B4E300809804 /* Headers */ = {
			isa = PBXHeadersBuildPhase;
			buildActionMask = 2147483647;
			files = (
				90451F861DC0B66C00809804 /* SwiftyLogger.h in Headers */,
			);
			runOnlyForDeploymentPostprocessing = 0;
		};
		908B7B471DC0AFA300148CF8 /* Headers */ = {
			isa = PBXHeadersBuildPhase;
			buildActionMask = 2147483647;
			files = (
				90451F3F1DC0B04A00809804 /* SwiftyLogger.h in Headers */,
			);
			runOnlyForDeploymentPostprocessing = 0;
		};
/* End PBXHeadersBuildPhase section */

/* Begin PBXNativeTarget section */
		90451F631DC0B48B00809804 /* SwiftyLogger-watchOS */ = {
			isa = PBXNativeTarget;
			buildConfigurationList = 90451F691DC0B48B00809804 /* Build configuration list for PBXNativeTarget "SwiftyLogger-watchOS" */;
			buildPhases = (
				90451F5F1DC0B48B00809804 /* Sources */,
				90451F601DC0B48B00809804 /* Frameworks */,
				90451F611DC0B48B00809804 /* Headers */,
				90451F621DC0B48B00809804 /* Resources */,
			);
			buildRules = (
			);
			dependencies = (
			);
			name = "SwiftyLogger-watchOS";
			productName = "SwiftyLogger-watchOS";
			productReference = 90451F641DC0B48B00809804 /* SwiftyLogger.framework */;
			productType = "com.apple.product-type.framework";
		};
		90451F701DC0B4BB00809804 /* SwiftyLogger-tvOS */ = {
			isa = PBXNativeTarget;
			buildConfigurationList = 90451F761DC0B4BB00809804 /* Build configuration list for PBXNativeTarget "SwiftyLogger-tvOS" */;
			buildPhases = (
				90451F6C1DC0B4BB00809804 /* Sources */,
				90451F6D1DC0B4BB00809804 /* Frameworks */,
				90451F6E1DC0B4BB00809804 /* Headers */,
				90451F6F1DC0B4BB00809804 /* Resources */,
			);
			buildRules = (
			);
			dependencies = (
			);
			name = "SwiftyLogger-tvOS";
			productName = "SwiftyLogger-tvOS";
			productReference = 90451F711DC0B4BB00809804 /* SwiftyLogger.framework */;
			productType = "com.apple.product-type.framework";
		};
		90451F7D1DC0B4E300809804 /* SwiftyLogger-macOS */ = {
			isa = PBXNativeTarget;
			buildConfigurationList = 90451F831DC0B4E300809804 /* Build configuration list for PBXNativeTarget "SwiftyLogger-macOS" */;
			buildPhases = (
				90451F791DC0B4E300809804 /* Sources */,
				90451F7A1DC0B4E300809804 /* Frameworks */,
				90451F7B1DC0B4E300809804 /* Headers */,
				90451F7C1DC0B4E300809804 /* Resources */,
			);
			buildRules = (
			);
			dependencies = (
			);
			name = "SwiftyLogger-macOS";
			productName = "SwiftyLogger-macOS";
			productReference = 90451F7E1DC0B4E300809804 /* SwiftyLogger.framework */;
			productType = "com.apple.product-type.framework";
		};
		908B7B491DC0AFA300148CF8 /* SwiftyLogger-iOS */ = {
			isa = PBXNativeTarget;
			buildConfigurationList = 908B7B5E1DC0AFA300148CF8 /* Build configuration list for PBXNativeTarget "SwiftyLogger-iOS" */;
			buildPhases = (
				908B7B451DC0AFA300148CF8 /* Sources */,
				908B7B461DC0AFA300148CF8 /* Frameworks */,
				908B7B471DC0AFA300148CF8 /* Headers */,
				908B7B481DC0AFA300148CF8 /* Resources */,
			);
			buildRules = (
			);
			dependencies = (
			);
			name = "SwiftyLogger-iOS";
			productName = SwiftyLogger;
			productReference = 908B7B4A1DC0AFA300148CF8 /* SwiftyLogger.framework */;
			productType = "com.apple.product-type.framework";
		};
		908B7B521DC0AFA300148CF8 /* SwiftyLoggerTests */ = {
			isa = PBXNativeTarget;
			buildConfigurationList = 908B7B611DC0AFA300148CF8 /* Build configuration list for PBXNativeTarget "SwiftyLoggerTests" */;
			buildPhases = (
				908B7B4F1DC0AFA300148CF8 /* Sources */,
				908B7B501DC0AFA300148CF8 /* Frameworks */,
				908B7B511DC0AFA300148CF8 /* Resources */,
			);
			buildRules = (
			);
			dependencies = (
				908B7B561DC0AFA300148CF8 /* PBXTargetDependency */,
			);
			name = SwiftyLoggerTests;
			productName = SwiftyLoggerTests;
			productReference = 908B7B531DC0AFA300148CF8 /* SwiftyLoggerTests.xctest */;
			productType = "com.apple.product-type.bundle.unit-test";
		};
/* End PBXNativeTarget section */

/* Begin PBXProject section */
		908B7B411DC0AFA300148CF8 /* Project object */ = {
			isa = PBXProject;
			attributes = {
				LastSwiftUpdateCheck = 0810;
				LastUpgradeCheck = 0810;
				ORGANIZATIONNAME = "Michał Tynior";
				TargetAttributes = {
					90451F631DC0B48B00809804 = {
						CreatedOnToolsVersion = 8.1;
						DevelopmentTeam = 924FTKSN52;
						ProvisioningStyle = Automatic;
					};
					90451F701DC0B4BB00809804 = {
						CreatedOnToolsVersion = 8.1;
						DevelopmentTeam = 924FTKSN52;
						ProvisioningStyle = Automatic;
					};
					90451F7D1DC0B4E300809804 = {
						CreatedOnToolsVersion = 8.1;
						DevelopmentTeam = 924FTKSN52;
						ProvisioningStyle = Automatic;
					};
					908B7B491DC0AFA300148CF8 = {
						CreatedOnToolsVersion = 8.1;
						DevelopmentTeam = 924FTKSN52;
						LastSwiftMigration = 0810;
						ProvisioningStyle = Automatic;
					};
					908B7B521DC0AFA300148CF8 = {
						CreatedOnToolsVersion = 8.1;
						DevelopmentTeam = 924FTKSN52;
						LastSwiftMigration = 0810;
						ProvisioningStyle = Automatic;
					};
				};
			};
			buildConfigurationList = 908B7B441DC0AFA300148CF8 /* Build configuration list for PBXProject "SwiftyLogger" */;
			compatibilityVersion = "Xcode 3.2";
			developmentRegion = English;
			hasScannedForEncodings = 0;
			knownRegions = (
				en,
			);
			mainGroup = 908B7B401DC0AFA300148CF8;
			productRefGroup = 908B7B4B1DC0AFA300148CF8 /* Products */;
			projectDirPath = "";
			projectRoot = "";
			targets = (
				908B7B491DC0AFA300148CF8 /* SwiftyLogger-iOS */,
				90451F631DC0B48B00809804 /* SwiftyLogger-watchOS */,
				90451F701DC0B4BB00809804 /* SwiftyLogger-tvOS */,
				90451F7D1DC0B4E300809804 /* SwiftyLogger-macOS */,
				908B7B521DC0AFA300148CF8 /* SwiftyLoggerTests */,
			);
		};
/* End PBXProject section */

/* Begin PBXResourcesBuildPhase section */
		90451F621DC0B48B00809804 /* Resources */ = {
			isa = PBXResourcesBuildPhase;
			buildActionMask = 2147483647;
			files = (
			);
			runOnlyForDeploymentPostprocessing = 0;
		};
		90451F6F1DC0B4BB00809804 /* Resources */ = {
			isa = PBXResourcesBuildPhase;
			buildActionMask = 2147483647;
			files = (
			);
			runOnlyForDeploymentPostprocessing = 0;
		};
		90451F7C1DC0B4E300809804 /* Resources */ = {
			isa = PBXResourcesBuildPhase;
			buildActionMask = 2147483647;
			files = (
			);
			runOnlyForDeploymentPostprocessing = 0;
		};
		908B7B481DC0AFA300148CF8 /* Resources */ = {
			isa = PBXResourcesBuildPhase;
			buildActionMask = 2147483647;
			files = (
			);
			runOnlyForDeploymentPostprocessing = 0;
		};
		908B7B511DC0AFA300148CF8 /* Resources */ = {
			isa = PBXResourcesBuildPhase;
			buildActionMask = 2147483647;
			files = (
			);
			runOnlyForDeploymentPostprocessing = 0;
		};
/* End PBXResourcesBuildPhase section */

/* Begin PBXSourcesBuildPhase section */
		90451F5F1DC0B48B00809804 /* Sources */ = {
			isa = PBXSourcesBuildPhase;
			buildActionMask = 2147483647;
			files = (
				90451F891DC0B6B300809804 /* BaseLoggerTarget.swift in Sources */,
				90451F8A1DC0B6B300809804 /* Logger.swift in Sources */,
				90451F8B1DC0B6B300809804 /* LoggerExtensions.swift in Sources */,
				90451F8C1DC0B6B300809804 /* LoggerFactory.swift in Sources */,
				90451F8D1DC0B6B300809804 /* LoggerTarget.swift in Sources */,
				90451F8E1DC0B6B300809804 /* LogLevel.swift in Sources */,
				90451F8F1DC0B6B300809804 /* LogMessage.swift in Sources */,
				90451F901DC0B6B300809804 /* LogMessageFormatterType.swift in Sources */,
				90451F911DC0B6B300809804 /* ConsoleLogger.swift in Sources */,
				90451F921DC0B6B300809804 /* FileLogger.swift in Sources */,
				90451F931DC0B6B300809804 /* DefaultLogMessageFormatter.swift in Sources */,
				90451F941DC0B6B300809804 /* DefaultLogger.swift in Sources */,
				90451F951DC0B6B300809804 /* DefaultLoggerFactory.swift in Sources */,
			);
			runOnlyForDeploymentPostprocessing = 0;
		};
		90451F6C1DC0B4BB00809804 /* Sources */ = {
			isa = PBXSourcesBuildPhase;
			buildActionMask = 2147483647;
			files = (
				90451F961DC0B6C600809804 /* BaseLoggerTarget.swift in Sources */,
				90451F971DC0B6C600809804 /* Logger.swift in Sources */,
				90451F981DC0B6C600809804 /* LoggerExtensions.swift in Sources */,
				90451F991DC0B6C600809804 /* LoggerFactory.swift in Sources */,
				90451F9A1DC0B6C600809804 /* LoggerTarget.swift in Sources */,
				90451F9B1DC0B6C600809804 /* LogLevel.swift in Sources */,
				90451F9C1DC0B6C600809804 /* LogMessage.swift in Sources */,
				90451F9D1DC0B6C600809804 /* LogMessageFormatterType.swift in Sources */,
				90451F9E1DC0B6C600809804 /* ConsoleLogger.swift in Sources */,
				90451F9F1DC0B6C600809804 /* FileLogger.swift in Sources */,
				90451FA01DC0B6C600809804 /* DefaultLogMessageFormatter.swift in Sources */,
				90451FA11DC0B6C600809804 /* DefaultLogger.swift in Sources */,
				90451FA21DC0B6C600809804 /* DefaultLoggerFactory.swift in Sources */,
			);
			runOnlyForDeploymentPostprocessing = 0;
		};
		90451F791DC0B4E300809804 /* Sources */ = {
			isa = PBXSourcesBuildPhase;
			buildActionMask = 2147483647;
			files = (
				90451FA31DC0B6D300809804 /* BaseLoggerTarget.swift in Sources */,
				90451FA41DC0B6D300809804 /* Logger.swift in Sources */,
				90451FA51DC0B6D300809804 /* LoggerExtensions.swift in Sources */,
				90451FA61DC0B6D300809804 /* LoggerFactory.swift in Sources */,
				90451FA71DC0B6D300809804 /* LoggerTarget.swift in Sources */,
				90451FA81DC0B6D300809804 /* LogLevel.swift in Sources */,
				90451FA91DC0B6D300809804 /* LogMessage.swift in Sources */,
				90451FAA1DC0B6D300809804 /* LogMessageFormatterType.swift in Sources */,
				90451FAB1DC0B6D300809804 /* ConsoleLogger.swift in Sources */,
				90451FAC1DC0B6D300809804 /* FileLogger.swift in Sources */,
				90451FAD1DC0B6D300809804 /* DefaultLogMessageFormatter.swift in Sources */,
				90451FAE1DC0B6D300809804 /* DefaultLogger.swift in Sources */,
				90451FAF1DC0B6D300809804 /* DefaultLoggerFactory.swift in Sources */,
			);
			runOnlyForDeploymentPostprocessing = 0;
		};
		908B7B451DC0AFA300148CF8 /* Sources */ = {
			isa = PBXSourcesBuildPhase;
			buildActionMask = 2147483647;
			files = (
				90451F531DC0B08D00809804 /* LoggerFactory.swift in Sources */,
				90451F571DC0B08D00809804 /* LogMessageFormatterType.swift in Sources */,
				90451F591DC0B08D00809804 /* DefaultLoggerFactory.swift in Sources */,
				90451F561DC0B08D00809804 /* LogMessage.swift in Sources */,
				90451F541DC0B08D00809804 /* LoggerTarget.swift in Sources */,
				90451F581DC0B08D00809804 /* DefaultLogger.swift in Sources */,
				90451F521DC0B08D00809804 /* LoggerExtensions.swift in Sources */,
				90451F551DC0B08D00809804 /* LogLevel.swift in Sources */,
				90451F5A1DC0B08D00809804 /* ConsoleLogger.swift in Sources */,
				90451F5B1DC0B08D00809804 /* FileLogger.swift in Sources */,
				90451F511DC0B08D00809804 /* Logger.swift in Sources */,
				90451F5C1DC0B08D00809804 /* DefaultLogMessageFormatter.swift in Sources */,
				90451F501DC0B08D00809804 /* BaseLoggerTarget.swift in Sources */,
			);
			runOnlyForDeploymentPostprocessing = 0;
		};
		908B7B4F1DC0AFA300148CF8 /* Sources */ = {
			isa = PBXSourcesBuildPhase;
			buildActionMask = 2147483647;
			files = (
				90451F5D1DC0B0F500809804 /* SwiftyLoggerTests.swift in Sources */,
			);
			runOnlyForDeploymentPostprocessing = 0;
		};
/* End PBXSourcesBuildPhase section */

/* Begin PBXTargetDependency section */
		908B7B561DC0AFA300148CF8 /* PBXTargetDependency */ = {
			isa = PBXTargetDependency;
			target = 908B7B491DC0AFA300148CF8 /* SwiftyLogger-iOS */;
			targetProxy = 908B7B551DC0AFA300148CF8 /* PBXContainerItemProxy */;
		};
/* End PBXTargetDependency section */

/* Begin XCBuildConfiguration section */
		90451F6A1DC0B48B00809804 /* Debug */ = {
			isa = XCBuildConfiguration;
			buildSettings = {
				APPLICATION_EXTENSION_API_ONLY = YES;
				CODE_SIGN_IDENTITY = "";
				DEFINES_MODULE = YES;
				DEVELOPMENT_TEAM = 924FTKSN52;
				DYLIB_COMPATIBILITY_VERSION = 1;
				DYLIB_CURRENT_VERSION = 1;
				DYLIB_INSTALL_NAME_BASE = "@rpath";
				INFOPLIST_FILE = "$(SRCROOT)/Source/Info.plist";
				INSTALL_PATH = "$(LOCAL_LIBRARY_DIR)/Frameworks";
				LD_RUNPATH_SEARCH_PATHS = "$(inherited) @executable_path/Frameworks @loader_path/Frameworks";
				PRODUCT_BUNDLE_IDENTIFIER = "com.mtynior.SwiftyLogger-watchOS";
				PRODUCT_NAME = SwiftyLogger;
				SDKROOT = watchos;
				SKIP_INSTALL = YES;
				SWIFT_VERSION = 3.0;
				TARGETED_DEVICE_FAMILY = 4;
				WATCHOS_DEPLOYMENT_TARGET = 2.0;
			};
			name = Debug;
		};
		90451F6B1DC0B48B00809804 /* Release */ = {
			isa = XCBuildConfiguration;
			buildSettings = {
				APPLICATION_EXTENSION_API_ONLY = YES;
				CODE_SIGN_IDENTITY = "";
				DEFINES_MODULE = YES;
				DEVELOPMENT_TEAM = 924FTKSN52;
				DYLIB_COMPATIBILITY_VERSION = 1;
				DYLIB_CURRENT_VERSION = 1;
				DYLIB_INSTALL_NAME_BASE = "@rpath";
				INFOPLIST_FILE = "$(SRCROOT)/Source/Info.plist";
				INSTALL_PATH = "$(LOCAL_LIBRARY_DIR)/Frameworks";
				LD_RUNPATH_SEARCH_PATHS = "$(inherited) @executable_path/Frameworks @loader_path/Frameworks";
				PRODUCT_BUNDLE_IDENTIFIER = "com.mtynior.SwiftyLogger-watchOS";
				PRODUCT_NAME = SwiftyLogger;
				SDKROOT = watchos;
				SKIP_INSTALL = YES;
				SWIFT_VERSION = 3.0;
				TARGETED_DEVICE_FAMILY = 4;
				WATCHOS_DEPLOYMENT_TARGET = 2.0;
			};
			name = Release;
		};
		90451F771DC0B4BB00809804 /* Debug */ = {
			isa = XCBuildConfiguration;
			buildSettings = {
				CODE_SIGN_IDENTITY = "";
				DEFINES_MODULE = YES;
				DEVELOPMENT_TEAM = 924FTKSN52;
				DYLIB_COMPATIBILITY_VERSION = 1;
				DYLIB_CURRENT_VERSION = 1;
				DYLIB_INSTALL_NAME_BASE = "@rpath";
				INFOPLIST_FILE = "$(SRCROOT)/Source/Info.plist";
				INSTALL_PATH = "$(LOCAL_LIBRARY_DIR)/Frameworks";
				LD_RUNPATH_SEARCH_PATHS = "$(inherited) @executable_path/Frameworks @loader_path/Frameworks";
				PRODUCT_BUNDLE_IDENTIFIER = "com.mtynior.SwiftyLogger-tvOS";
				PRODUCT_NAME = SwiftyLogger;
				SDKROOT = appletvos;
				SKIP_INSTALL = YES;
				SWIFT_VERSION = 3.0;
				TARGETED_DEVICE_FAMILY = 3;
				TVOS_DEPLOYMENT_TARGET = 9.0;
			};
			name = Debug;
		};
		90451F781DC0B4BB00809804 /* Release */ = {
			isa = XCBuildConfiguration;
			buildSettings = {
				CODE_SIGN_IDENTITY = "";
				DEFINES_MODULE = YES;
				DEVELOPMENT_TEAM = 924FTKSN52;
				DYLIB_COMPATIBILITY_VERSION = 1;
				DYLIB_CURRENT_VERSION = 1;
				DYLIB_INSTALL_NAME_BASE = "@rpath";
				INFOPLIST_FILE = "$(SRCROOT)/Source/Info.plist";
				INSTALL_PATH = "$(LOCAL_LIBRARY_DIR)/Frameworks";
				LD_RUNPATH_SEARCH_PATHS = "$(inherited) @executable_path/Frameworks @loader_path/Frameworks";
				PRODUCT_BUNDLE_IDENTIFIER = "com.mtynior.SwiftyLogger-tvOS";
				PRODUCT_NAME = SwiftyLogger;
				SDKROOT = appletvos;
				SKIP_INSTALL = YES;
				SWIFT_VERSION = 3.0;
				TARGETED_DEVICE_FAMILY = 3;
				TVOS_DEPLOYMENT_TARGET = 9.0;
			};
			name = Release;
		};
		90451F841DC0B4E300809804 /* Debug */ = {
			isa = XCBuildConfiguration;
			buildSettings = {
				CODE_SIGN_IDENTITY = "-";
				COMBINE_HIDPI_IMAGES = YES;
				DEFINES_MODULE = YES;
				DEVELOPMENT_TEAM = 924FTKSN52;
				DYLIB_COMPATIBILITY_VERSION = 1;
				DYLIB_CURRENT_VERSION = 1;
				DYLIB_INSTALL_NAME_BASE = "@rpath";
				FRAMEWORK_VERSION = A;
				INFOPLIST_FILE = "$(SRCROOT)/Source/Info.plist";
				INSTALL_PATH = "$(LOCAL_LIBRARY_DIR)/Frameworks";
				LD_RUNPATH_SEARCH_PATHS = "$(inherited) @executable_path/../Frameworks @loader_path/Frameworks";
				MACOSX_DEPLOYMENT_TARGET = 10.10;
				PRODUCT_BUNDLE_IDENTIFIER = "com.mtynior.SwiftyLogger-macOS";
				PRODUCT_NAME = SwiftyLogger;
				SDKROOT = macosx;
				SKIP_INSTALL = YES;
				SWIFT_VERSION = 3.0;
			};
			name = Debug;
		};
		90451F851DC0B4E300809804 /* Release */ = {
			isa = XCBuildConfiguration;
			buildSettings = {
				CODE_SIGN_IDENTITY = "-";
				COMBINE_HIDPI_IMAGES = YES;
				DEFINES_MODULE = YES;
				DEVELOPMENT_TEAM = 924FTKSN52;
				DYLIB_COMPATIBILITY_VERSION = 1;
				DYLIB_CURRENT_VERSION = 1;
				DYLIB_INSTALL_NAME_BASE = "@rpath";
				FRAMEWORK_VERSION = A;
				INFOPLIST_FILE = "$(SRCROOT)/Source/Info.plist";
				INSTALL_PATH = "$(LOCAL_LIBRARY_DIR)/Frameworks";
				LD_RUNPATH_SEARCH_PATHS = "$(inherited) @executable_path/../Frameworks @loader_path/Frameworks";
				MACOSX_DEPLOYMENT_TARGET = 10.10;
				PRODUCT_BUNDLE_IDENTIFIER = "com.mtynior.SwiftyLogger-macOS";
				PRODUCT_NAME = SwiftyLogger;
				SDKROOT = macosx;
				SKIP_INSTALL = YES;
				SWIFT_VERSION = 3.0;
			};
			name = Release;
		};
		908B7B5C1DC0AFA300148CF8 /* Debug */ = {
			isa = XCBuildConfiguration;
			buildSettings = {
				ALWAYS_SEARCH_USER_PATHS = NO;
				CLANG_ANALYZER_NONNULL = YES;
				CLANG_CXX_LANGUAGE_STANDARD = "gnu++0x";
				CLANG_CXX_LIBRARY = "libc++";
				CLANG_ENABLE_MODULES = YES;
				CLANG_ENABLE_OBJC_ARC = YES;
				CLANG_WARN_BOOL_CONVERSION = YES;
				CLANG_WARN_CONSTANT_CONVERSION = YES;
				CLANG_WARN_DIRECT_OBJC_ISA_USAGE = YES_ERROR;
				CLANG_WARN_DOCUMENTATION_COMMENTS = YES;
				CLANG_WARN_EMPTY_BODY = YES;
				CLANG_WARN_ENUM_CONVERSION = YES;
				CLANG_WARN_INFINITE_RECURSION = YES;
				CLANG_WARN_INT_CONVERSION = YES;
				CLANG_WARN_OBJC_ROOT_CLASS = YES_ERROR;
				CLANG_WARN_SUSPICIOUS_MOVES = YES;
				CLANG_WARN_UNREACHABLE_CODE = YES;
				CLANG_WARN__DUPLICATE_METHOD_MATCH = YES;
				"CODE_SIGN_IDENTITY[sdk=iphoneos*]" = "iPhone Developer";
				COPY_PHASE_STRIP = NO;
				CURRENT_PROJECT_VERSION = 1;
				DEBUG_INFORMATION_FORMAT = dwarf;
				ENABLE_STRICT_OBJC_MSGSEND = YES;
				ENABLE_TESTABILITY = YES;
				GCC_C_LANGUAGE_STANDARD = gnu99;
				GCC_DYNAMIC_NO_PIC = NO;
				GCC_NO_COMMON_BLOCKS = YES;
				GCC_OPTIMIZATION_LEVEL = 0;
				GCC_PREPROCESSOR_DEFINITIONS = (
					"DEBUG=1",
					"$(inherited)",
				);
				GCC_WARN_64_TO_32_BIT_CONVERSION = YES;
				GCC_WARN_ABOUT_RETURN_TYPE = YES_ERROR;
				GCC_WARN_UNDECLARED_SELECTOR = YES;
				GCC_WARN_UNINITIALIZED_AUTOS = YES_AGGRESSIVE;
				GCC_WARN_UNUSED_FUNCTION = YES;
				GCC_WARN_UNUSED_VARIABLE = YES;
				IPHONEOS_DEPLOYMENT_TARGET = 9.0;
				MACOSX_DEPLOYMENT_TARGET = 10.11;
				MTL_ENABLE_DEBUG_INFO = YES;
				ONLY_ACTIVE_ARCH = YES;
				SDKROOT = iphoneos;
				SWIFT_ACTIVE_COMPILATION_CONDITIONS = DEBUG;
				SWIFT_OPTIMIZATION_LEVEL = "-Onone";
				TARGETED_DEVICE_FAMILY = "1,2";
				VERSIONING_SYSTEM = "apple-generic";
				VERSION_INFO_PREFIX = "";
			};
			name = Debug;
		};
		908B7B5D1DC0AFA300148CF8 /* Release */ = {
			isa = XCBuildConfiguration;
			buildSettings = {
				ALWAYS_SEARCH_USER_PATHS = NO;
				CLANG_ANALYZER_NONNULL = YES;
				CLANG_CXX_LANGUAGE_STANDARD = "gnu++0x";
				CLANG_CXX_LIBRARY = "libc++";
				CLANG_ENABLE_MODULES = YES;
				CLANG_ENABLE_OBJC_ARC = YES;
				CLANG_WARN_BOOL_CONVERSION = YES;
				CLANG_WARN_CONSTANT_CONVERSION = YES;
				CLANG_WARN_DIRECT_OBJC_ISA_USAGE = YES_ERROR;
				CLANG_WARN_DOCUMENTATION_COMMENTS = YES;
				CLANG_WARN_EMPTY_BODY = YES;
				CLANG_WARN_ENUM_CONVERSION = YES;
				CLANG_WARN_INFINITE_RECURSION = YES;
				CLANG_WARN_INT_CONVERSION = YES;
				CLANG_WARN_OBJC_ROOT_CLASS = YES_ERROR;
				CLANG_WARN_SUSPICIOUS_MOVES = YES;
				CLANG_WARN_UNREACHABLE_CODE = YES;
				CLANG_WARN__DUPLICATE_METHOD_MATCH = YES;
				"CODE_SIGN_IDENTITY[sdk=iphoneos*]" = "iPhone Developer";
				COPY_PHASE_STRIP = NO;
				CURRENT_PROJECT_VERSION = 1;
				DEBUG_INFORMATION_FORMAT = "dwarf-with-dsym";
				ENABLE_NS_ASSERTIONS = NO;
				ENABLE_STRICT_OBJC_MSGSEND = YES;
				GCC_C_LANGUAGE_STANDARD = gnu99;
				GCC_NO_COMMON_BLOCKS = YES;
				GCC_WARN_64_TO_32_BIT_CONVERSION = YES;
				GCC_WARN_ABOUT_RETURN_TYPE = YES_ERROR;
				GCC_WARN_UNDECLARED_SELECTOR = YES;
				GCC_WARN_UNINITIALIZED_AUTOS = YES_AGGRESSIVE;
				GCC_WARN_UNUSED_FUNCTION = YES;
				GCC_WARN_UNUSED_VARIABLE = YES;
				IPHONEOS_DEPLOYMENT_TARGET = 9.0;
				MACOSX_DEPLOYMENT_TARGET = 10.11;
				MTL_ENABLE_DEBUG_INFO = NO;
				SDKROOT = iphoneos;
				SWIFT_OPTIMIZATION_LEVEL = "-Owholemodule";
				TARGETED_DEVICE_FAMILY = "1,2";
				VALIDATE_PRODUCT = YES;
				VERSIONING_SYSTEM = "apple-generic";
				VERSION_INFO_PREFIX = "";
			};
			name = Release;
		};
		908B7B5F1DC0AFA300148CF8 /* Debug */ = {
			isa = XCBuildConfiguration;
			buildSettings = {
				CLANG_ENABLE_MODULES = YES;
				CODE_SIGN_IDENTITY = "";
				DEFINES_MODULE = YES;
				DEVELOPMENT_TEAM = 924FTKSN52;
				DYLIB_COMPATIBILITY_VERSION = 1;
				DYLIB_CURRENT_VERSION = 1;
				DYLIB_INSTALL_NAME_BASE = "@rpath";
				INFOPLIST_FILE = "$(SRCROOT)/Source/Info.plist";
				INSTALL_PATH = "$(LOCAL_LIBRARY_DIR)/Frameworks";
				LD_RUNPATH_SEARCH_PATHS = "$(inherited) @executable_path/Frameworks @loader_path/Frameworks";
				PRODUCT_BUNDLE_IDENTIFIER = com.mtynior.SwiftyLogger;
				PRODUCT_NAME = SwiftyLogger;
				SKIP_INSTALL = YES;
				SWIFT_OPTIMIZATION_LEVEL = "-Onone";
				SWIFT_VERSION = 3.0;
			};
			name = Debug;
		};
		908B7B601DC0AFA300148CF8 /* Release */ = {
			isa = XCBuildConfiguration;
			buildSettings = {
				CLANG_ENABLE_MODULES = YES;
				CODE_SIGN_IDENTITY = "";
				DEFINES_MODULE = YES;
				DEVELOPMENT_TEAM = 924FTKSN52;
				DYLIB_COMPATIBILITY_VERSION = 1;
				DYLIB_CURRENT_VERSION = 1;
				DYLIB_INSTALL_NAME_BASE = "@rpath";
				INFOPLIST_FILE = "$(SRCROOT)/Source/Info.plist";
				INSTALL_PATH = "$(LOCAL_LIBRARY_DIR)/Frameworks";
				LD_RUNPATH_SEARCH_PATHS = "$(inherited) @executable_path/Frameworks @loader_path/Frameworks";
				PRODUCT_BUNDLE_IDENTIFIER = com.mtynior.SwiftyLogger;
				PRODUCT_NAME = SwiftyLogger;
				SKIP_INSTALL = YES;
				SWIFT_VERSION = 3.0;
			};
			name = Release;
		};
		908B7B621DC0AFA300148CF8 /* Debug */ = {
			isa = XCBuildConfiguration;
			buildSettings = {
				ALWAYS_EMBED_SWIFT_STANDARD_LIBRARIES = YES;
				CLANG_ENABLE_MODULES = YES;
				DEVELOPMENT_TEAM = 924FTKSN52;
				INFOPLIST_FILE = SwiftyLoggerTests/Info.plist;
				LD_RUNPATH_SEARCH_PATHS = "$(inherited) @executable_path/Frameworks @loader_path/Frameworks";
				PRODUCT_BUNDLE_IDENTIFIER = com.mtynior.SwiftyLoggerTests;
				PRODUCT_NAME = "$(TARGET_NAME)";
				SWIFT_OPTIMIZATION_LEVEL = "-Onone";
				SWIFT_VERSION = 3.0;
			};
			name = Debug;
		};
		908B7B631DC0AFA300148CF8 /* Release */ = {
			isa = XCBuildConfiguration;
			buildSettings = {
				ALWAYS_EMBED_SWIFT_STANDARD_LIBRARIES = YES;
				CLANG_ENABLE_MODULES = YES;
				DEVELOPMENT_TEAM = 924FTKSN52;
				INFOPLIST_FILE = SwiftyLoggerTests/Info.plist;
				LD_RUNPATH_SEARCH_PATHS = "$(inherited) @executable_path/Frameworks @loader_path/Frameworks";
				PRODUCT_BUNDLE_IDENTIFIER = com.mtynior.SwiftyLoggerTests;
				PRODUCT_NAME = "$(TARGET_NAME)";
				SWIFT_VERSION = 3.0;
			};
			name = Release;
		};
/* End XCBuildConfiguration section */

/* Begin XCConfigurationList section */
		90451F691DC0B48B00809804 /* Build configuration list for PBXNativeTarget "SwiftyLogger-watchOS" */ = {
			isa = XCConfigurationList;
			buildConfigurations = (
				90451F6A1DC0B48B00809804 /* Debug */,
				90451F6B1DC0B48B00809804 /* Release */,
			);
			defaultConfigurationIsVisible = 0;
			defaultConfigurationName = Release;
		};
		90451F761DC0B4BB00809804 /* Build configuration list for PBXNativeTarget "SwiftyLogger-tvOS" */ = {
			isa = XCConfigurationList;
			buildConfigurations = (
				90451F771DC0B4BB00809804 /* Debug */,
				90451F781DC0B4BB00809804 /* Release */,
			);
			defaultConfigurationIsVisible = 0;
			defaultConfigurationName = Release;
		};
		90451F831DC0B4E300809804 /* Build configuration list for PBXNativeTarget "SwiftyLogger-macOS" */ = {
			isa = XCConfigurationList;
			buildConfigurations = (
				90451F841DC0B4E300809804 /* Debug */,
				90451F851DC0B4E300809804 /* Release */,
			);
			defaultConfigurationIsVisible = 0;
			defaultConfigurationName = Release;
		};
		908B7B441DC0AFA300148CF8 /* Build configuration list for PBXProject "SwiftyLogger" */ = {
			isa = XCConfigurationList;
			buildConfigurations = (
				908B7B5C1DC0AFA300148CF8 /* Debug */,
				908B7B5D1DC0AFA300148CF8 /* Release */,
			);
			defaultConfigurationIsVisible = 0;
			defaultConfigurationName = Release;
		};
		908B7B5E1DC0AFA300148CF8 /* Build configuration list for PBXNativeTarget "SwiftyLogger-iOS" */ = {
			isa = XCConfigurationList;
			buildConfigurations = (
				908B7B5F1DC0AFA300148CF8 /* Debug */,
				908B7B601DC0AFA300148CF8 /* Release */,
			);
			defaultConfigurationIsVisible = 0;
			defaultConfigurationName = Release;
		};
		908B7B611DC0AFA300148CF8 /* Build configuration list for PBXNativeTarget "SwiftyLoggerTests" */ = {
			isa = XCConfigurationList;
			buildConfigurations = (
				908B7B621DC0AFA300148CF8 /* Debug */,
				908B7B631DC0AFA300148CF8 /* Release */,
			);
			defaultConfigurationIsVisible = 0;
			defaultConfigurationName = Release;
		};
/* End XCConfigurationList section */
	};
	rootObject = 908B7B411DC0AFA300148CF8 /* Project object */;
}
